// !$*UTF8*$!
{
	archiveVersion = 1;
	classes = {
	};
	objectVersion = 55;
	objects = {

/* Begin PBXBuildFile section */
		BE5CB3112849D02F00024C56 /* AppDelegate.swift in Sources */ = {isa = PBXBuildFile; fileRef = BE5CB3102849D02F00024C56 /* AppDelegate.swift */; };
		BE5CB3132849D02F00024C56 /* SceneDelegate.swift in Sources */ = {isa = PBXBuildFile; fileRef = BE5CB3122849D02F00024C56 /* SceneDelegate.swift */; };
		BE5CB3152849D02F00024C56 /* ViewController.swift in Sources */ = {isa = PBXBuildFile; fileRef = BE5CB3142849D02F00024C56 /* ViewController.swift */; };
		BE5CB3182849D02F00024C56 /* Main.storyboard in Resources */ = {isa = PBXBuildFile; fileRef = BE5CB3162849D02F00024C56 /* Main.storyboard */; };
		BE5CB31B2849D02F00024C56 /* DrawGraphics.xcdatamodeld in Sources */ = {isa = PBXBuildFile; fileRef = BE5CB3192849D02F00024C56 /* DrawGraphics.xcdatamodeld */; };
		BE5CB31D2849D03100024C56 /* Assets.xcassets in Resources */ = {isa = PBXBuildFile; fileRef = BE5CB31C2849D03100024C56 /* Assets.xcassets */; };
		BE5CB3202849D03100024C56 /* LaunchScreen.storyboard in Resources */ = {isa = PBXBuildFile; fileRef = BE5CB31E2849D03100024C56 /* LaunchScreen.storyboard */; };
		BE5CB32B2849D03100024C56 /* DrawGraphicsTests.swift in Sources */ = {isa = PBXBuildFile; fileRef = BE5CB32A2849D03100024C56 /* DrawGraphicsTests.swift */; };
		BE5CB3352849D03100024C56 /* DrawGraphicsUITests.swift in Sources */ = {isa = PBXBuildFile; fileRef = BE5CB3342849D03100024C56 /* DrawGraphicsUITests.swift */; };
		BE5CB3372849D03100024C56 /* DrawGraphicsUITestsLaunchTests.swift in Sources */ = {isa = PBXBuildFile; fileRef = BE5CB3362849D03100024C56 /* DrawGraphicsUITestsLaunchTests.swift */; };
/* End PBXBuildFile section */

/* Begin PBXContainerItemProxy section */
		BE5CB3272849D03100024C56 /* PBXContainerItemProxy */ = {
			isa = PBXContainerItemProxy;
			containerPortal = BE5CB3052849D02F00024C56 /* Project object */;
			proxyType = 1;
			remoteGlobalIDString = BE5CB30C2849D02F00024C56;
			remoteInfo = DrawGraphics;
		};
		BE5CB3312849D03100024C56 /* PBXContainerItemProxy */ = {
			isa = PBXContainerItemProxy;
			containerPortal = BE5CB3052849D02F00024C56 /* Project object */;
			proxyType = 1;
			remoteGlobalIDString = BE5CB30C2849D02F00024C56;
			remoteInfo = DrawGraphics;
		};
/* End PBXContainerItemProxy section */

/* Begin PBXFileReference section */
		BE5CB30D2849D02F00024C56 /* DrawGraphics.app */ = {isa = PBXFileReference; explicitFileType = wrapper.application; includeInIndex = 0; path = DrawGraphics.app; sourceTree = BUILT_PRODUCTS_DIR; };
		BE5CB3102849D02F00024C56 /* AppDelegate.swift */ = {isa = PBXFileReference; lastKnownFileType = sourcecode.swift; path = AppDelegate.swift; sourceTree = "<group>"; };
		BE5CB3122849D02F00024C56 /* SceneDelegate.swift */ = {isa = PBXFileReference; lastKnownFileType = sourcecode.swift; path = SceneDelegate.swift; sourceTree = "<group>"; };
		BE5CB3142849D02F00024C56 /* ViewController.swift */ = {isa = PBXFileReference; lastKnownFileType = sourcecode.swift; path = ViewController.swift; sourceTree = "<group>"; };
		BE5CB3172849D02F00024C56 /* Base */ = {isa = PBXFileReference; lastKnownFileType = file.storyboard; name = Base; path = Base.lproj/Main.storyboard; sourceTree = "<group>"; };
		BE5CB31A2849D02F00024C56 /* DrawGraphics.xcdatamodel */ = {isa = PBXFileReference; lastKnownFileType = wrapper.xcdatamodel; path = DrawGraphics.xcdatamodel; sourceTree = "<group>"; };
		BE5CB31C2849D03100024C56 /* Assets.xcassets */ = {isa = PBXFileReference; lastKnownFileType = folder.assetcatalog; path = Assets.xcassets; sourceTree = "<group>"; };
		BE5CB31F2849D03100024C56 /* Base */ = {isa = PBXFileReference; lastKnownFileType = file.storyboard; name = Base; path = Base.lproj/LaunchScreen.storyboard; sourceTree = "<group>"; };
		BE5CB3212849D03100024C56 /* Info.plist */ = {isa = PBXFileReference; lastKnownFileType = text.plist.xml; path = Info.plist; sourceTree = "<group>"; };
		BE5CB3262849D03100024C56 /* DrawGraphicsTests.xctest */ = {isa = PBXFileReference; explicitFileType = wrapper.cfbundle; includeInIndex = 0; path = DrawGraphicsTests.xctest; sourceTree = BUILT_PRODUCTS_DIR; };
		BE5CB32A2849D03100024C56 /* DrawGraphicsTests.swift */ = {isa = PBXFileReference; lastKnownFileType = sourcecode.swift; path = DrawGraphicsTests.swift; sourceTree = "<group>"; };
		BE5CB3302849D03100024C56 /* DrawGraphicsUITests.xctest */ = {isa = PBXFileReference; explicitFileType = wrapper.cfbundle; includeInIndex = 0; path = DrawGraphicsUITests.xctest; sourceTree = BUILT_PRODUCTS_DIR; };
		BE5CB3342849D03100024C56 /* DrawGraphicsUITests.swift */ = {isa = PBXFileReference; lastKnownFileType = sourcecode.swift; path = DrawGraphicsUITests.swift; sourceTree = "<group>"; };
		BE5CB3362849D03100024C56 /* DrawGraphicsUITestsLaunchTests.swift */ = {isa = PBXFileReference; lastKnownFileType = sourcecode.swift; path = DrawGraphicsUITestsLaunchTests.swift; sourceTree = "<group>"; };
/* End PBXFileReference section */

/* Begin PBXFrameworksBuildPhase section */
		BE5CB30A2849D02F00024C56 /* Frameworks */ = {
			isa = PBXFrameworksBuildPhase;
			buildActionMask = 2147483647;
			files = (
			);
			runOnlyForDeploymentPostprocessing = 0;
		};
		BE5CB3232849D03100024C56 /* Frameworks */ = {
			isa = PBXFrameworksBuildPhase;
			buildActionMask = 2147483647;
			files = (
			);
			runOnlyForDeploymentPostprocessing = 0;
		};
		BE5CB32D2849D03100024C56 /* Frameworks */ = {
			isa = PBXFrameworksBuildPhase;
			buildActionMask = 2147483647;
			files = (
			);
			runOnlyForDeploymentPostprocessing = 0;
		};
/* End PBXFrameworksBuildPhase section */

/* Begin PBXGroup section */
		BE5CB3042849D02F00024C56 = {
			isa = PBXGroup;
			children = (
				BE5CB30F2849D02F00024C56 /* DrawGraphics */,
				BE5CB3292849D03100024C56 /* DrawGraphicsTests */,
				BE5CB3332849D03100024C56 /* DrawGraphicsUITests */,
				BE5CB30E2849D02F00024C56 /* Products */,
			);
			sourceTree = "<group>";
		};
		BE5CB30E2849D02F00024C56 /* Products */ = {
			isa = PBXGroup;
			children = (
				BE5CB30D2849D02F00024C56 /* DrawGraphics.app */,
				BE5CB3262849D03100024C56 /* DrawGraphicsTests.xctest */,
				BE5CB3302849D03100024C56 /* DrawGraphicsUITests.xctest */,
			);
			name = Products;
			sourceTree = "<group>";
		};
		BE5CB30F2849D02F00024C56 /* DrawGraphics */ = {
			isa = PBXGroup;
			children = (
				BE5CB3102849D02F00024C56 /* AppDelegate.swift */,
				BE5CB3122849D02F00024C56 /* SceneDelegate.swift */,
				BE5CB3142849D02F00024C56 /* ViewController.swift */,
				BE5CB3162849D02F00024C56 /* Main.storyboard */,
				BE5CB31C2849D03100024C56 /* Assets.xcassets */,
				BE5CB31E2849D03100024C56 /* LaunchScreen.storyboard */,
				BE5CB3212849D03100024C56 /* Info.plist */,
				BE5CB3192849D02F00024C56 /* DrawGraphics.xcdatamodeld */,
			);
			path = DrawGraphics;
			sourceTree = "<group>";
		};
		BE5CB3292849D03100024C56 /* DrawGraphicsTests */ = {
			isa = PBXGroup;
			children = (
				BE5CB32A2849D03100024C56 /* DrawGraphicsTests.swift */,
			);
			path = DrawGraphicsTests;
			sourceTree = "<group>";
		};
		BE5CB3332849D03100024C56 /* DrawGraphicsUITests */ = {
			isa = PBXGroup;
			children = (
				BE5CB3342849D03100024C56 /* DrawGraphicsUITests.swift */,
				BE5CB3362849D03100024C56 /* DrawGraphicsUITestsLaunchTests.swift */,
			);
			path = DrawGraphicsUITests;
			sourceTree = "<group>";
		};
/* End PBXGroup section */

/* Begin PBXNativeTarget section */
		BE5CB30C2849D02F00024C56 /* DrawGraphics */ = {
			isa = PBXNativeTarget;
			buildConfigurationList = BE5CB33A2849D03100024C56 /* Build configuration list for PBXNativeTarget "DrawGraphics" */;
			buildPhases = (
				BE5CB3092849D02F00024C56 /* Sources */,
				BE5CB30A2849D02F00024C56 /* Frameworks */,
				BE5CB30B2849D02F00024C56 /* Resources */,
			);
			buildRules = (
			);
			dependencies = (
			);
			name = DrawGraphics;
			productName = DrawGraphics;
			productReference = BE5CB30D2849D02F00024C56 /* DrawGraphics.app */;
			productType = "com.apple.product-type.application";
		};
		BE5CB3252849D03100024C56 /* DrawGraphicsTests */ = {
			isa = PBXNativeTarget;
			buildConfigurationList = BE5CB33D2849D03100024C56 /* Build configuration list for PBXNativeTarget "DrawGraphicsTests" */;
			buildPhases = (
				BE5CB3222849D03100024C56 /* Sources */,
				BE5CB3232849D03100024C56 /* Frameworks */,
				BE5CB3242849D03100024C56 /* Resources */,
			);
			buildRules = (
			);
			dependencies = (
				BE5CB3282849D03100024C56 /* PBXTargetDependency */,
			);
			name = DrawGraphicsTests;
			productName = DrawGraphicsTests;
			productReference = BE5CB3262849D03100024C56 /* DrawGraphicsTests.xctest */;
			productType = "com.apple.product-type.bundle.unit-test";
		};
		BE5CB32F2849D03100024C56 /* DrawGraphicsUITests */ = {
			isa = PBXNativeTarget;
			buildConfigurationList = BE5CB3402849D03100024C56 /* Build configuration list for PBXNativeTarget "DrawGraphicsUITests" */;
			buildPhases = (
				BE5CB32C2849D03100024C56 /* Sources */,
				BE5CB32D2849D03100024C56 /* Frameworks */,
				BE5CB32E2849D03100024C56 /* Resources */,
			);
			buildRules = (
			);
			dependencies = (
				BE5CB3322849D03100024C56 /* PBXTargetDependency */,
			);
			name = DrawGraphicsUITests;
			productName = DrawGraphicsUITests;
			productReference = BE5CB3302849D03100024C56 /* DrawGraphicsUITests.xctest */;
			productType = "com.apple.product-type.bundle.ui-testing";
		};
/* End PBXNativeTarget section */

/* Begin PBXProject section */
		BE5CB3052849D02F00024C56 /* Project object */ = {
			isa = PBXProject;
			attributes = {
				BuildIndependentTargetsInParallel = 1;
				LastSwiftUpdateCheck = 1320;
				LastUpgradeCheck = 1320;
				TargetAttributes = {
					BE5CB30C2849D02F00024C56 = {
						CreatedOnToolsVersion = 13.2.1;
					};
					BE5CB3252849D03100024C56 = {
						CreatedOnToolsVersion = 13.2.1;
						TestTargetID = BE5CB30C2849D02F00024C56;
					};
					BE5CB32F2849D03100024C56 = {
						CreatedOnToolsVersion = 13.2.1;
						TestTargetID = BE5CB30C2849D02F00024C56;
					};
				};
			};
			buildConfigurationList = BE5CB3082849D02F00024C56 /* Build configuration list for PBXProject "DrawGraphics" */;
			compatibilityVersion = "Xcode 13.0";
			developmentRegion = en;
			hasScannedForEncodings = 0;
			knownRegions = (
				en,
				Base,
			);
			mainGroup = BE5CB3042849D02F00024C56;
			productRefGroup = BE5CB30E2849D02F00024C56 /* Products */;
			projectDirPath = "";
			projectRoot = "";
			targets = (
				BE5CB30C2849D02F00024C56 /* DrawGraphics */,
				BE5CB3252849D03100024C56 /* DrawGraphicsTests */,
				BE5CB32F2849D03100024C56 /* DrawGraphicsUITests */,
			);
		};
/* End PBXProject section */

/* Begin PBXResourcesBuildPhase section */
		BE5CB30B2849D02F00024C56 /* Resources */ = {
			isa = PBXResourcesBuildPhase;
			buildActionMask = 2147483647;
			files = (
				BE5CB3202849D03100024C56 /* LaunchScreen.storyboard in Resources */,
				BE5CB31D2849D03100024C56 /* Assets.xcassets in Resources */,
				BE5CB3182849D02F00024C56 /* Main.storyboard in Resources */,
			);
			runOnlyForDeploymentPostprocessing = 0;
		};
		BE5CB3242849D03100024C56 /* Resources */ = {
			isa = PBXResourcesBuildPhase;
			buildActionMask = 2147483647;
			files = (
			);
			runOnlyForDeploymentPostprocessing = 0;
		};
		BE5CB32E2849D03100024C56 /* Resources */ = {
			isa = PBXResourcesBuildPhase;
			buildActionMask = 2147483647;
			files = (
			);
			runOnlyForDeploymentPostprocessing = 0;
		};
/* End PBXResourcesBuildPhase section */

/* Begin PBXSourcesBuildPhase section */
		BE5CB3092849D02F00024C56 /* Sources */ = {
			isa = PBXSourcesBuildPhase;
			buildActionMask = 2147483647;
			files = (
				BE5CB31B2849D02F00024C56 /* DrawGraphics.xcdatamodeld in Sources */,
				BE5CB3152849D02F00024C56 /* ViewController.swift in Sources */,
				BE5CB3112849D02F00024C56 /* AppDelegate.swift in Sources */,
				BE5CB3132849D02F00024C56 /* SceneDelegate.swift in Sources */,
			);
			runOnlyForDeploymentPostprocessing = 0;
		};
		BE5CB3222849D03100024C56 /* Sources */ = {
			isa = PBXSourcesBuildPhase;
			buildActionMask = 2147483647;
			files = (
				BE5CB32B2849D03100024C56 /* DrawGraphicsTests.swift in Sources */,
			);
			runOnlyForDeploymentPostprocessing = 0;
		};
		BE5CB32C2849D03100024C56 /* Sources */ = {
			isa = PBXSourcesBuildPhase;
			buildActionMask = 2147483647;
			files = (
				BE5CB3352849D03100024C56 /* DrawGraphicsUITests.swift in Sources */,
				BE5CB3372849D03100024C56 /* DrawGraphicsUITestsLaunchTests.swift in Sources */,
			);
			runOnlyForDeploymentPostprocessing = 0;
		};
/* End PBXSourcesBuildPhase section */

/* Begin PBXTargetDependency section */
		BE5CB3282849D03100024C56 /* PBXTargetDependency */ = {
			isa = PBXTargetDependency;
			target = BE5CB30C2849D02F00024C56 /* DrawGraphics */;
			targetProxy = BE5CB3272849D03100024C56 /* PBXContainerItemProxy */;
		};
		BE5CB3322849D03100024C56 /* PBXTargetDependency */ = {
			isa = PBXTargetDependency;
			target = BE5CB30C2849D02F00024C56 /* DrawGraphics */;
			targetProxy = BE5CB3312849D03100024C56 /* PBXContainerItemProxy */;
		};
/* End PBXTargetDependency section */

/* Begin PBXVariantGroup section */
		BE5CB3162849D02F00024C56 /* Main.storyboard */ = {
			isa = PBXVariantGroup;
			children = (
				BE5CB3172849D02F00024C56 /* Base */,
			);
			name = Main.storyboard;
			sourceTree = "<group>";
		};
		BE5CB31E2849D03100024C56 /* LaunchScreen.storyboard */ = {
			isa = PBXVariantGroup;
			children = (
				BE5CB31F2849D03100024C56 /* Base */,
			);
			name = LaunchScreen.storyboard;
			sourceTree = "<group>";
		};
/* End PBXVariantGroup section */

/* Begin XCBuildConfiguration section */
		BE5CB3382849D03100024C56 /* Debug */ = {
			isa = XCBuildConfiguration;
			buildSettings = {
				ALWAYS_SEARCH_USER_PATHS = NO;
				CLANG_ANALYZER_NONNULL = YES;
				CLANG_ANALYZER_NUMBER_OBJECT_CONVERSION = YES_AGGRESSIVE;
				CLANG_CXX_LANGUAGE_STANDARD = "gnu++17";
				CLANG_CXX_LIBRARY = "libc++";
				CLANG_ENABLE_MODULES = YES;
				CLANG_ENABLE_OBJC_ARC = YES;
				CLANG_ENABLE_OBJC_WEAK = YES;
				CLANG_WARN_BLOCK_CAPTURE_AUTORELEASING = YES;
				CLANG_WARN_BOOL_CONVERSION = YES;
				CLANG_WARN_COMMA = YES;
				CLANG_WARN_CONSTANT_CONVERSION = YES;
				CLANG_WARN_DEPRECATED_OBJC_IMPLEMENTATIONS = YES;
				CLANG_WARN_DIRECT_OBJC_ISA_USAGE = YES_ERROR;
				CLANG_WARN_DOCUMENTATION_COMMENTS = YES;
				CLANG_WARN_EMPTY_BODY = YES;
				CLANG_WARN_ENUM_CONVERSION = YES;
				CLANG_WARN_INFINITE_RECURSION = YES;
				CLANG_WARN_INT_CONVERSION = YES;
				CLANG_WARN_NON_LITERAL_NULL_CONVERSION = YES;
				CLANG_WARN_OBJC_IMPLICIT_RETAIN_SELF = YES;
				CLANG_WARN_OBJC_LITERAL_CONVERSION = YES;
				CLANG_WARN_OBJC_ROOT_CLASS = YES_ERROR;
				CLANG_WARN_QUOTED_INCLUDE_IN_FRAMEWORK_HEADER = YES;
				CLANG_WARN_RANGE_LOOP_ANALYSIS = YES;
				CLANG_WARN_STRICT_PROTOTYPES = YES;
				CLANG_WARN_SUSPICIOUS_MOVE = YES;
				CLANG_WARN_UNGUARDED_AVAILABILITY = YES_AGGRESSIVE;
				CLANG_WARN_UNREACHABLE_CODE = YES;
				CLANG_WARN__DUPLICATE_METHOD_MATCH = YES;
				COPY_PHASE_STRIP = NO;
				DEBUG_INFORMATION_FORMAT = dwarf;
				ENABLE_STRICT_OBJC_MSGSEND = YES;
				ENABLE_TESTABILITY = YES;
				GCC_C_LANGUAGE_STANDARD = gnu11;
				GCC_DYNAMIC_NO_PIC = NO;
				GCC_NO_COMMON_BLOCKS = YES;
				GCC_OPTIMIZATION_LEVEL = 0;
				GCC_PREPROCESSOR_DEFINITIONS = (
					"DEBUG=1",
					"$(inherited)",
				);
				GCC_WARN_64_TO_32_BIT_CONVERSION = YES;
				GCC_WARN_ABOUT_RETURN_TYPE = YES_ERROR;
				GCC_WARN_UNDECLARED_SELECTOR = YES;
				GCC_WARN_UNINITIALIZED_AUTOS = YES_AGGRESSIVE;
				GCC_WARN_UNUSED_FUNCTION = YES;
				GCC_WARN_UNUSED_VARIABLE = YES;
				IPHONEOS_DEPLOYMENT_TARGET = 15.2;
				MTL_ENABLE_DEBUG_INFO = INCLUDE_SOURCE;
				MTL_FAST_MATH = YES;
				ONLY_ACTIVE_ARCH = YES;
				SDKROOT = iphoneos;
				SWIFT_ACTIVE_COMPILATION_CONDITIONS = DEBUG;
				SWIFT_OPTIMIZATION_LEVEL = "-Onone";
			};
			name = Debug;
		};
		BE5CB3392849D03100024C56 /* Release */ = {
			isa = XCBuildConfiguration;
			buildSettings = {
				ALWAYS_SEARCH_USER_PATHS = NO;
				CLANG_ANALYZER_NONNULL = YES;
				CLANG_ANALYZER_NUMBER_OBJECT_CONVERSION = YES_AGGRESSIVE;
				CLANG_CXX_LANGUAGE_STANDARD = "gnu++17";
				CLANG_CXX_LIBRARY = "libc++";
				CLANG_ENABLE_MODULES = YES;
				CLANG_ENABLE_OBJC_ARC = YES;
				CLANG_ENABLE_OBJC_WEAK = YES;
				CLANG_WARN_BLOCK_CAPTURE_AUTORELEASING = YES;
				CLANG_WARN_BOOL_CONVERSION = YES;
				CLANG_WARN_COMMA = YES;
				CLANG_WARN_CONSTANT_CONVERSION = YES;
				CLANG_WARN_DEPRECATED_OBJC_IMPLEMENTATIONS = YES;
				CLANG_WARN_DIRECT_OBJC_ISA_USAGE = YES_ERROR;
				CLANG_WARN_DOCUMENTATION_COMMENTS = YES;
				CLANG_WARN_EMPTY_BODY = YES;
				CLANG_WARN_ENUM_CONVERSION = YES;
				CLANG_WARN_INFINITE_RECURSION = YES;
				CLANG_WARN_INT_CONVERSION = YES;
				CLANG_WARN_NON_LITERAL_NULL_CONVERSION = YES;
				CLANG_WARN_OBJC_IMPLICIT_RETAIN_SELF = YES;
				CLANG_WARN_OBJC_LITERAL_CONVERSION = YES;
				CLANG_WARN_OBJC_ROOT_CLASS = YES_ERROR;
				CLANG_WARN_QUOTED_INCLUDE_IN_FRAMEWORK_HEADER = YES;
				CLANG_WARN_RANGE_LOOP_ANALYSIS = YES;
				CLANG_WARN_STRICT_PROTOTYPES = YES;
				CLANG_WARN_SUSPICIOUS_MOVE = YES;
				CLANG_WARN_UNGUARDED_AVAILABILITY = YES_AGGRESSIVE;
				CLANG_WARN_UNREACHABLE_CODE = YES;
				CLANG_WARN__DUPLICATE_METHOD_MATCH = YES;
				COPY_PHASE_STRIP = NO;
				DEBUG_INFORMATION_FORMAT = "dwarf-with-dsym";
				ENABLE_NS_ASSERTIONS = NO;
				ENABLE_STRICT_OBJC_MSGSEND = YES;
				GCC_C_LANGUAGE_STANDARD = gnu11;
				GCC_NO_COMMON_BLOCKS = YES;
				GCC_WARN_64_TO_32_BIT_CONVERSION = YES;
				GCC_WARN_ABOUT_RETURN_TYPE = YES_ERROR;
				GCC_WARN_UNDECLARED_SELECTOR = YES;
				GCC_WARN_UNINITIALIZED_AUTOS = YES_AGGRESSIVE;
				GCC_WARN_UNUSED_FUNCTION = YES;
				GCC_WARN_UNUSED_VARIABLE = YES;
				IPHONEOS_DEPLOYMENT_TARGET = 15.2;
				MTL_ENABLE_DEBUG_INFO = NO;
				MTL_FAST_MATH = YES;
				SDKROOT = iphoneos;
				SWIFT_COMPILATION_MODE = wholemodule;
				SWIFT_OPTIMIZATION_LEVEL = "-O";
				VALIDATE_PRODUCT = YES;
			};
			name = Release;
		};
		BE5CB33B2849D03100024C56 /* Debug */ = {
			isa = XCBuildConfiguration;
			buildSettings = {
				ASSETCATALOG_COMPILER_APPICON_NAME = AppIcon;
				ASSETCATALOG_COMPILER_GLOBAL_ACCENT_COLOR_NAME = AccentColor;
				CODE_SIGN_STYLE = Automatic;
				CURRENT_PROJECT_VERSION = 1;
				GENERATE_INFOPLIST_FILE = YES;
				INFOPLIST_FILE = DrawGraphics/Info.plist;
				INFOPLIST_KEY_UIApplicationSupportsIndirectInputEvents = YES;
				INFOPLIST_KEY_UILaunchStoryboardName = LaunchScreen;
				INFOPLIST_KEY_UIMainStoryboardFile = Main;
				INFOPLIST_KEY_UISupportedInterfaceOrientations_iPad = "UIInterfaceOrientationPortrait UIInterfaceOrientationPortraitUpsideDown UIInterfaceOrientationLandscapeLeft UIInterfaceOrientationLandscapeRight";
				INFOPLIST_KEY_UISupportedInterfaceOrientations_iPhone = "UIInterfaceOrientationPortrait UIInterfaceOrientationLandscapeLeft UIInterfaceOrientationLandscapeRight";
				LD_RUNPATH_SEARCH_PATHS = (
					"$(inherited)",
					"@executable_path/Frameworks",
				);
				MARKETING_VERSION = 1.0;
				PRODUCT_BUNDLE_IDENTIFIER = kr.ac.induk.DrawGraphics;
				PRODUCT_NAME = "$(TARGET_NAME)";
				SWIFT_EMIT_LOC_STRINGS = YES;
				SWIFT_VERSION = 5.0;
				TARGETED_DEVICE_FAMILY = "1,2";
			};
			name = Debug;
		};
		BE5CB33C2849D03100024C56 /* Release */ = {
			isa = XCBuildConfiguration;
			buildSettings = {
				ASSETCATALOG_COMPILER_APPICON_NAME = AppIcon;
				ASSETCATALOG_COMPILER_GLOBAL_ACCENT_COLOR_NAME = AccentColor;
				CODE_SIGN_STYLE = Automatic;
				CURRENT_PROJECT_VERSION = 1;
				GENERATE_INFOPLIST_FILE = YES;
				INFOPLIST_FILE = DrawGraphics/Info.plist;
				INFOPLIST_KEY_UIApplicationSupportsIndirectInputEvents = YES;
				INFOPLIST_KEY_UILaunchStoryboardName = LaunchScreen;
				INFOPLIST_KEY_UIMainStoryboardFile = Main;
				INFOPLIST_KEY_UISupportedInterfaceOrientations_iPad = "UIInterfaceOrientationPortrait UIInterfaceOrientationPortraitUpsideDown UIInterfaceOrientationLandscapeLeft UIInterfaceOrientationLandscapeRight";
				INFOPLIST_KEY_UISupportedInterfaceOrientations_iPhone = "UIInterfaceOrientationPortrait UIInterfaceOrientationLandscapeLeft UIInterfaceOrientationLandscapeRight";
				LD_RUNPATH_SEARCH_PATHS = (
					"$(inherited)",
					"@executable_path/Frameworks",
				);
				MARKETING_VERSION = 1.0;
				PRODUCT_BUNDLE_IDENTIFIER = kr.ac.induk.DrawGraphics;
				PRODUCT_NAME = "$(TARGET_NAME)";
				SWIFT_EMIT_LOC_STRINGS = YES;
				SWIFT_VERSION = 5.0;
				TARGETED_DEVICE_FAMILY = "1,2";
			};
			name = Release;
		};
		BE5CB33E2849D03100024C56 /* Debug */ = {
			isa = XCBuildConfiguration;
			buildSettings = {
				ALWAYS_EMBED_SWIFT_STANDARD_LIBRARIES = YES;
				BUNDLE_LOADER = "$(TEST_HOST)";
				CODE_SIGN_STYLE = Automatic;
				CURRENT_PROJECT_VERSION = 1;
				GENERATE_INFOPLIST_FILE = YES;
				IPHONEOS_DEPLOYMENT_TARGET = 15.2;
				MARKETING_VERSION = 1.0;
				PRODUCT_BUNDLE_IDENTIFIER = kr.ac.induk.DrawGraphicsTests;
				PRODUCT_NAME = "$(TARGET_NAME)";
				SWIFT_EMIT_LOC_STRINGS = NO;
				SWIFT_VERSION = 5.0;
				TARGETED_DEVICE_FAMILY = "1,2";
				TEST_HOST = "$(BUILT_PRODUCTS_DIR)/DrawGraphics.app/DrawGraphics";
			};
			name = Debug;
		};
		BE5CB33F2849D03100024C56 /* Release */ = {
			isa = XCBuildConfiguration;
			buildSettings = {
				ALWAYS_EMBED_SWIFT_STANDARD_LIBRARIES = YES;
				BUNDLE_LOADER = "$(TEST_HOST)";
				CODE_SIGN_STYLE = Automatic;
				CURRENT_PROJECT_VERSION = 1;
				GENERATE_INFOPLIST_FILE = YES;
				IPHONEOS_DEPLOYMENT_TARGET = 15.2;
				MARKETING_VERSION = 1.0;
				PRODUCT_BUNDLE_IDENTIFIER = kr.ac.induk.DrawGraphicsTests;
				PRODUCT_NAME = "$(TARGET_NAME)";
				SWIFT_EMIT_LOC_STRINGS = NO;
				SWIFT_VERSION = 5.0;
				TARGETED_DEVICE_FAMILY = "1,2";
				TEST_HOST = "$(BUILT_PRODUCTS_DIR)/DrawGraphics.app/DrawGraphics";
			};
			name = Release;
		};
		BE5CB3412849D03100024C56 /* Debug */ = {
			isa = XCBuildConfiguration;
			buildSettings = {
				ALWAYS_EMBED_SWIFT_STANDARD_LIBRARIES = YES;
				CODE_SIGN_STYLE = Automatic;
				CURRENT_PROJECT_VERSION = 1;
				GENERATE_INFOPLIST_FILE = YES;
				MARKETING_VERSION = 1.0;
				PRODUCT_BUNDLE_IDENTIFIER = kr.ac.induk.DrawGraphicsUITests;
				PRODUCT_NAME = "$(TARGET_NAME)";
				SWIFT_EMIT_LOC_STRINGS = NO;
				SWIFT_VERSION = 5.0;
				TARGETED_DEVICE_FAMILY = "1,2";
				TEST_TARGET_NAME = DrawGraphics;
			};
			name = Debug;
		};
		BE5CB3422849D03100024C56 /* Release */ = {
			isa = XCBuildConfiguration;
			buildSettings = {
				ALWAYS_EMBED_SWIFT_STANDARD_LIBRARIES = YES;
				CODE_SIGN_STYLE = Automatic;
				CURRENT_PROJECT_VERSION = 1;
				GENERATE_INFOPLIST_FILE = YES;
				MARKETING_VERSION = 1.0;
				PRODUCT_BUNDLE_IDENTIFIER = kr.ac.induk.DrawGraphicsUITests;
				PRODUCT_NAME = "$(TARGET_NAME)";
				SWIFT_EMIT_LOC_STRINGS = NO;
				SWIFT_VERSION = 5.0;
				TARGETED_DEVICE_FAMILY = "1,2";
				TEST_TARGET_NAME = DrawGraphics;
			};
			name = Release;
		};
/* End XCBuildConfiguration section */

/* Begin XCConfigurationList section */
		BE5CB3082849D02F00024C56 /* Build configuration list for PBXProject "DrawGraphics" */ = {
			isa = XCConfigurationList;
			buildConfigurations = (
				BE5CB3382849D03100024C56 /* Debug */,
				BE5CB3392849D03100024C56 /* Release */,
			);
			defaultConfigurationIsVisible = 0;
			defaultConfigurationName = Release;
		};
		BE5CB33A2849D03100024C56 /* Build configuration list for PBXNativeTarget "DrawGraphics" */ = {
			isa = XCConfigurationList;
			buildConfigurations = (
				BE5CB33B2849D03100024C56 /* Debug */,
				BE5CB33C2849D03100024C56 /* Release */,
			);
			defaultConfigurationIsVisible = 0;
			defaultConfigurationName = Release;
		};
		BE5CB33D2849D03100024C56 /* Build configuration list for PBXNativeTarget "DrawGraphicsTests" */ = {
			isa = XCConfigurationList;
			buildConfigurations = (
				BE5CB33E2849D03100024C56 /* Debug */,
				BE5CB33F2849D03100024C56 /* Release */,
			);
			defaultConfigurationIsVisible = 0;
			defaultConfigurationName = Release;
		};
		BE5CB3402849D03100024C56 /* Build configuration list for PBXNativeTarget "DrawGraphicsUITests" */ = {
			isa = XCConfigurationList;
			buildConfigurations = (
				BE5CB3412849D03100024C56 /* Debug */,
				BE5CB3422849D03100024C56 /* Release */,
			);
			defaultConfigurationIsVisible = 0;
			defaultConfigurationName = Release;
		};
/* End XCConfigurationList section */

/* Begin XCVersionGroup section */
		BE5CB3192849D02F00024C56 /* DrawGraphics.xcdatamodeld */ = {
			isa = XCVersionGroup;
			children = (
				BE5CB31A2849D02F00024C56 /* DrawGraphics.xcdatamodel */,
			);
			currentVersion = BE5CB31A2849D02F00024C56 /* DrawGraphics.xcdatamodel */;
			path = DrawGraphics.xcdatamodeld;
			sourceTree = "<group>";
			versionGroupType = wrapper.xcdatamodel;
		};
/* End XCVersionGroup section */
	};
	rootObject = BE5CB3052849D02F00024C56 /* Project object */;
}
