// !$*UTF8*$!
{
	archiveVersion = 1;
	classes = {
	};
	objectVersion = 55;
	objects = {

/* Begin PBXBuildFile section */
		BE7C63EB282E3A5C00E58E23 /* AppDelegate.swift in Sources */ = {isa = PBXBuildFile; fileRef = BE7C63EA282E3A5C00E58E23 /* AppDelegate.swift */; };
		BE7C63ED282E3A5C00E58E23 /* SceneDelegate.swift in Sources */ = {isa = PBXBuildFile; fileRef = BE7C63EC282E3A5C00E58E23 /* SceneDelegate.swift */; };
		BE7C63F2282E3A5C00E58E23 /* Main.storyboard in Resources */ = {isa = PBXBuildFile; fileRef = BE7C63F0282E3A5C00E58E23 /* Main.storyboard */; };
		BE7C63F5282E3A5C00E58E23 /* Table1.xcdatamodeld in Sources */ = {isa = PBXBuildFile; fileRef = BE7C63F3282E3A5C00E58E23 /* Table1.xcdatamodeld */; };
		BE7C63F7282E3A5E00E58E23 /* Assets.xcassets in Resources */ = {isa = PBXBuildFile; fileRef = BE7C63F6282E3A5E00E58E23 /* Assets.xcassets */; };
		BE7C63FA282E3A5E00E58E23 /* LaunchScreen.storyboard in Resources */ = {isa = PBXBuildFile; fileRef = BE7C63F8282E3A5E00E58E23 /* LaunchScreen.storyboard */; };
		BE7C6405282E3A5E00E58E23 /* Table1Tests.swift in Sources */ = {isa = PBXBuildFile; fileRef = BE7C6404282E3A5E00E58E23 /* Table1Tests.swift */; };
		BE7C640F282E3A5E00E58E23 /* Table1UITests.swift in Sources */ = {isa = PBXBuildFile; fileRef = BE7C640E282E3A5E00E58E23 /* Table1UITests.swift */; };
		BE7C6411282E3A5E00E58E23 /* Table1UITestsLaunchTests.swift in Sources */ = {isa = PBXBuildFile; fileRef = BE7C6410282E3A5E00E58E23 /* Table1UITestsLaunchTests.swift */; };
		BE7C641E282E3BE200E58E23 /* TableViewController.swift in Sources */ = {isa = PBXBuildFile; fileRef = BE7C641D282E3BE200E58E23 /* TableViewController.swift */; };
		BE7C6420282E3BF600E58E23 /* AddViewController.swift in Sources */ = {isa = PBXBuildFile; fileRef = BE7C641F282E3BF600E58E23 /* AddViewController.swift */; };
		BE7C6422282E3C0500E58E23 /* DetailViewController.swift in Sources */ = {isa = PBXBuildFile; fileRef = BE7C6421282E3C0500E58E23 /* DetailViewController.swift */; };
		BE7C6426282E3E0200E58E23 /* clock.png in Resources */ = {isa = PBXBuildFile; fileRef = BE7C6423282E3E0200E58E23 /* clock.png */; };
		BE7C6427282E3E0200E58E23 /* pencil.png in Resources */ = {isa = PBXBuildFile; fileRef = BE7C6424282E3E0200E58E23 /* pencil.png */; };
		BE7C6428282E3E0200E58E23 /* cart.png in Resources */ = {isa = PBXBuildFile; fileRef = BE7C6425282E3E0200E58E23 /* cart.png */; };
/* End PBXBuildFile section */

/* Begin PBXContainerItemProxy section */
		BE7C6401282E3A5E00E58E23 /* PBXContainerItemProxy */ = {
			isa = PBXContainerItemProxy;
			containerPortal = BE7C63DF282E3A5C00E58E23 /* Project object */;
			proxyType = 1;
			remoteGlobalIDString = BE7C63E6282E3A5C00E58E23;
			remoteInfo = Table1;
		};
		BE7C640B282E3A5E00E58E23 /* PBXContainerItemProxy */ = {
			isa = PBXContainerItemProxy;
			containerPortal = BE7C63DF282E3A5C00E58E23 /* Project object */;
			proxyType = 1;
			remoteGlobalIDString = BE7C63E6282E3A5C00E58E23;
			remoteInfo = Table1;
		};
/* End PBXContainerItemProxy section */

/* Begin PBXFileReference section */
		BE7C63E7282E3A5C00E58E23 /* Table1.app */ = {isa = PBXFileReference; explicitFileType = wrapper.application; includeInIndex = 0; path = Table1.app; sourceTree = BUILT_PRODUCTS_DIR; };
		BE7C63EA282E3A5C00E58E23 /* AppDelegate.swift */ = {isa = PBXFileReference; lastKnownFileType = sourcecode.swift; path = AppDelegate.swift; sourceTree = "<group>"; };
		BE7C63EC282E3A5C00E58E23 /* SceneDelegate.swift */ = {isa = PBXFileReference; lastKnownFileType = sourcecode.swift; path = SceneDelegate.swift; sourceTree = "<group>"; };
		BE7C63F1282E3A5C00E58E23 /* Base */ = {isa = PBXFileReference; lastKnownFileType = file.storyboard; name = Base; path = Base.lproj/Main.storyboard; sourceTree = "<group>"; };
		BE7C63F4282E3A5C00E58E23 /* Table1.xcdatamodel */ = {isa = PBXFileReference; lastKnownFileType = wrapper.xcdatamodel; path = Table1.xcdatamodel; sourceTree = "<group>"; };
		BE7C63F6282E3A5E00E58E23 /* Assets.xcassets */ = {isa = PBXFileReference; lastKnownFileType = folder.assetcatalog; path = Assets.xcassets; sourceTree = "<group>"; };
		BE7C63F9282E3A5E00E58E23 /* Base */ = {isa = PBXFileReference; lastKnownFileType = file.storyboard; name = Base; path = Base.lproj/LaunchScreen.storyboard; sourceTree = "<group>"; };
		BE7C63FB282E3A5E00E58E23 /* Info.plist */ = {isa = PBXFileReference; lastKnownFileType = text.plist.xml; path = Info.plist; sourceTree = "<group>"; };
		BE7C6400282E3A5E00E58E23 /* Table1Tests.xctest */ = {isa = PBXFileReference; explicitFileType = wrapper.cfbundle; includeInIndex = 0; path = Table1Tests.xctest; sourceTree = BUILT_PRODUCTS_DIR; };
		BE7C6404282E3A5E00E58E23 /* Table1Tests.swift */ = {isa = PBXFileReference; lastKnownFileType = sourcecode.swift; path = Table1Tests.swift; sourceTree = "<group>"; };
		BE7C640A282E3A5E00E58E23 /* Table1UITests.xctest */ = {isa = PBXFileReference; explicitFileType = wrapper.cfbundle; includeInIndex = 0; path = Table1UITests.xctest; sourceTree = BUILT_PRODUCTS_DIR; };
		BE7C640E282E3A5E00E58E23 /* Table1UITests.swift */ = {isa = PBXFileReference; lastKnownFileType = sourcecode.swift; path = Table1UITests.swift; sourceTree = "<group>"; };
		BE7C6410282E3A5E00E58E23 /* Table1UITestsLaunchTests.swift */ = {isa = PBXFileReference; lastKnownFileType = sourcecode.swift; path = Table1UITestsLaunchTests.swift; sourceTree = "<group>"; };
		BE7C641D282E3BE200E58E23 /* TableViewController.swift */ = {isa = PBXFileReference; lastKnownFileType = sourcecode.swift; path = TableViewController.swift; sourceTree = "<group>"; };
		BE7C641F282E3BF600E58E23 /* AddViewController.swift */ = {isa = PBXFileReference; lastKnownFileType = sourcecode.swift; path = AddViewController.swift; sourceTree = "<group>"; };
		BE7C6421282E3C0500E58E23 /* DetailViewController.swift */ = {isa = PBXFileReference; lastKnownFileType = sourcecode.swift; path = DetailViewController.swift; sourceTree = "<group>"; };
		BE7C6423282E3E0200E58E23 /* clock.png */ = {isa = PBXFileReference; lastKnownFileType = image.png; path = clock.png; sourceTree = "<group>"; };
		BE7C6424282E3E0200E58E23 /* pencil.png */ = {isa = PBXFileReference; lastKnownFileType = image.png; path = pencil.png; sourceTree = "<group>"; };
		BE7C6425282E3E0200E58E23 /* cart.png */ = {isa = PBXFileReference; lastKnownFileType = image.png; path = cart.png; sourceTree = "<group>"; };
/* End PBXFileReference section */

/* Begin PBXFrameworksBuildPhase section */
		BE7C63E4282E3A5C00E58E23 /* Frameworks */ = {
			isa = PBXFrameworksBuildPhase;
			buildActionMask = 2147483647;
			files = (
			);
			runOnlyForDeploymentPostprocessing = 0;
		};
		BE7C63FD282E3A5E00E58E23 /* Frameworks */ = {
			isa = PBXFrameworksBuildPhase;
			buildActionMask = 2147483647;
			files = (
			);
			runOnlyForDeploymentPostprocessing = 0;
		};
		BE7C6407282E3A5E00E58E23 /* Frameworks */ = {
			isa = PBXFrameworksBuildPhase;
			buildActionMask = 2147483647;
			files = (
			);
			runOnlyForDeploymentPostprocessing = 0;
		};
/* End PBXFrameworksBuildPhase section */

/* Begin PBXGroup section */
		BE7C63DE282E3A5C00E58E23 = {
			isa = PBXGroup;
			children = (
				BE7C63E9282E3A5C00E58E23 /* Table1 */,
				BE7C6403282E3A5E00E58E23 /* Table1Tests */,
				BE7C640D282E3A5E00E58E23 /* Table1UITests */,
				BE7C63E8282E3A5C00E58E23 /* Products */,
			);
			sourceTree = "<group>";
		};
		BE7C63E8282E3A5C00E58E23 /* Products */ = {
			isa = PBXGroup;
			children = (
				BE7C63E7282E3A5C00E58E23 /* Table1.app */,
				BE7C6400282E3A5E00E58E23 /* Table1Tests.xctest */,
				BE7C640A282E3A5E00E58E23 /* Table1UITests.xctest */,
			);
			name = Products;
			sourceTree = "<group>";
		};
		BE7C63E9282E3A5C00E58E23 /* Table1 */ = {
			isa = PBXGroup;
			children = (
				BE7C6425282E3E0200E58E23 /* cart.png */,
				BE7C6423282E3E0200E58E23 /* clock.png */,
				BE7C6424282E3E0200E58E23 /* pencil.png */,
				BE7C63EA282E3A5C00E58E23 /* AppDelegate.swift */,
				BE7C63EC282E3A5C00E58E23 /* SceneDelegate.swift */,
				BE7C641D282E3BE200E58E23 /* TableViewController.swift */,
				BE7C63F0282E3A5C00E58E23 /* Main.storyboard */,
				BE7C63F6282E3A5E00E58E23 /* Assets.xcassets */,
				BE7C6421282E3C0500E58E23 /* DetailViewController.swift */,
				BE7C641F282E3BF600E58E23 /* AddViewController.swift */,
				BE7C63F8282E3A5E00E58E23 /* LaunchScreen.storyboard */,
				BE7C63FB282E3A5E00E58E23 /* Info.plist */,
				BE7C63F3282E3A5C00E58E23 /* Table1.xcdatamodeld */,
			);
			path = Table1;
			sourceTree = "<group>";
		};
		BE7C6403282E3A5E00E58E23 /* Table1Tests */ = {
			isa = PBXGroup;
			children = (
				BE7C6404282E3A5E00E58E23 /* Table1Tests.swift */,
			);
			path = Table1Tests;
			sourceTree = "<group>";
		};
		BE7C640D282E3A5E00E58E23 /* Table1UITests */ = {
			isa = PBXGroup;
			children = (
				BE7C640E282E3A5E00E58E23 /* Table1UITests.swift */,
				BE7C6410282E3A5E00E58E23 /* Table1UITestsLaunchTests.swift */,
			);
			path = Table1UITests;
			sourceTree = "<group>";
		};
/* End PBXGroup section */

/* Begin PBXNativeTarget section */
		BE7C63E6282E3A5C00E58E23 /* Table1 */ = {
			isa = PBXNativeTarget;
			buildConfigurationList = BE7C6414282E3A5E00E58E23 /* Build configuration list for PBXNativeTarget "Table1" */;
			buildPhases = (
				BE7C63E3282E3A5C00E58E23 /* Sources */,
				BE7C63E4282E3A5C00E58E23 /* Frameworks */,
				BE7C63E5282E3A5C00E58E23 /* Resources */,
			);
			buildRules = (
			);
			dependencies = (
			);
			name = Table1;
			productName = Table1;
			productReference = BE7C63E7282E3A5C00E58E23 /* Table1.app */;
			productType = "com.apple.product-type.application";
		};
		BE7C63FF282E3A5E00E58E23 /* Table1Tests */ = {
			isa = PBXNativeTarget;
			buildConfigurationList = BE7C6417282E3A5E00E58E23 /* Build configuration list for PBXNativeTarget "Table1Tests" */;
			buildPhases = (
				BE7C63FC282E3A5E00E58E23 /* Sources */,
				BE7C63FD282E3A5E00E58E23 /* Frameworks */,
				BE7C63FE282E3A5E00E58E23 /* Resources */,
			);
			buildRules = (
			);
			dependencies = (
				BE7C6402282E3A5E00E58E23 /* PBXTargetDependency */,
			);
			name = Table1Tests;
			productName = Table1Tests;
			productReference = BE7C6400282E3A5E00E58E23 /* Table1Tests.xctest */;
			productType = "com.apple.product-type.bundle.unit-test";
		};
		BE7C6409282E3A5E00E58E23 /* Table1UITests */ = {
			isa = PBXNativeTarget;
			buildConfigurationList = BE7C641A282E3A5E00E58E23 /* Build configuration list for PBXNativeTarget "Table1UITests" */;
			buildPhases = (
				BE7C6406282E3A5E00E58E23 /* Sources */,
				BE7C6407282E3A5E00E58E23 /* Frameworks */,
				BE7C6408282E3A5E00E58E23 /* Resources */,
			);
			buildRules = (
			);
			dependencies = (
				BE7C640C282E3A5E00E58E23 /* PBXTargetDependency */,
			);
			name = Table1UITests;
			productName = Table1UITests;
			productReference = BE7C640A282E3A5E00E58E23 /* Table1UITests.xctest */;
			productType = "com.apple.product-type.bundle.ui-testing";
		};
/* End PBXNativeTarget section */

/* Begin PBXProject section */
		BE7C63DF282E3A5C00E58E23 /* Project object */ = {
			isa = PBXProject;
			attributes = {
				BuildIndependentTargetsInParallel = 1;
				LastSwiftUpdateCheck = 1320;
				LastUpgradeCheck = 1320;
				TargetAttributes = {
					BE7C63E6282E3A5C00E58E23 = {
						CreatedOnToolsVersion = 13.2.1;
					};
					BE7C63FF282E3A5E00E58E23 = {
						CreatedOnToolsVersion = 13.2.1;
						TestTargetID = BE7C63E6282E3A5C00E58E23;
					};
					BE7C6409282E3A5E00E58E23 = {
						CreatedOnToolsVersion = 13.2.1;
						TestTargetID = BE7C63E6282E3A5C00E58E23;
					};
				};
			};
			buildConfigurationList = BE7C63E2282E3A5C00E58E23 /* Build configuration list for PBXProject "Table1" */;
			compatibilityVersion = "Xcode 13.0";
			developmentRegion = en;
			hasScannedForEncodings = 0;
			knownRegions = (
				en,
				Base,
			);
			mainGroup = BE7C63DE282E3A5C00E58E23;
			productRefGroup = BE7C63E8282E3A5C00E58E23 /* Products */;
			projectDirPath = "";
			projectRoot = "";
			targets = (
				BE7C63E6282E3A5C00E58E23 /* Table1 */,
				BE7C63FF282E3A5E00E58E23 /* Table1Tests */,
				BE7C6409282E3A5E00E58E23 /* Table1UITests */,
			);
		};
/* End PBXProject section */

/* Begin PBXResourcesBuildPhase section */
		BE7C63E5282E3A5C00E58E23 /* Resources */ = {
			isa = PBXResourcesBuildPhase;
			buildActionMask = 2147483647;
			files = (
				BE7C6427282E3E0200E58E23 /* pencil.png in Resources */,
				BE7C6426282E3E0200E58E23 /* clock.png in Resources */,
				BE7C63FA282E3A5E00E58E23 /* LaunchScreen.storyboard in Resources */,
				BE7C63F7282E3A5E00E58E23 /* Assets.xcassets in Resources */,
				BE7C63F2282E3A5C00E58E23 /* Main.storyboard in Resources */,
				BE7C6428282E3E0200E58E23 /* cart.png in Resources */,
			);
			runOnlyForDeploymentPostprocessing = 0;
		};
		BE7C63FE282E3A5E00E58E23 /* Resources */ = {
			isa = PBXResourcesBuildPhase;
			buildActionMask = 2147483647;
			files = (
			);
			runOnlyForDeploymentPostprocessing = 0;
		};
		BE7C6408282E3A5E00E58E23 /* Resources */ = {
			isa = PBXResourcesBuildPhase;
			buildActionMask = 2147483647;
			files = (
			);
			runOnlyForDeploymentPostprocessing = 0;
		};
/* End PBXResourcesBuildPhase section */

/* Begin PBXSourcesBuildPhase section */
		BE7C63E3282E3A5C00E58E23 /* Sources */ = {
			isa = PBXSourcesBuildPhase;
			buildActionMask = 2147483647;
			files = (
				BE7C6420282E3BF600E58E23 /* AddViewController.swift in Sources */,
				BE7C63F5282E3A5C00E58E23 /* Table1.xcdatamodeld in Sources */,
				BE7C63EB282E3A5C00E58E23 /* AppDelegate.swift in Sources */,
				BE7C6422282E3C0500E58E23 /* DetailViewController.swift in Sources */,
				BE7C63ED282E3A5C00E58E23 /* SceneDelegate.swift in Sources */,
				BE7C641E282E3BE200E58E23 /* TableViewController.swift in Sources */,
			);
			runOnlyForDeploymentPostprocessing = 0;
		};
		BE7C63FC282E3A5E00E58E23 /* Sources */ = {
			isa = PBXSourcesBuildPhase;
			buildActionMask = 2147483647;
			files = (
				BE7C6405282E3A5E00E58E23 /* Table1Tests.swift in Sources */,
			);
			runOnlyForDeploymentPostprocessing = 0;
		};
		BE7C6406282E3A5E00E58E23 /* Sources */ = {
			isa = PBXSourcesBuildPhase;
			buildActionMask = 2147483647;
			files = (
				BE7C640F282E3A5E00E58E23 /* Table1UITests.swift in Sources */,
				BE7C6411282E3A5E00E58E23 /* Table1UITestsLaunchTests.swift in Sources */,
			);
			runOnlyForDeploymentPostprocessing = 0;
		};
/* End PBXSourcesBuildPhase section */

/* Begin PBXTargetDependency section */
		BE7C6402282E3A5E00E58E23 /* PBXTargetDependency */ = {
			isa = PBXTargetDependency;
			target = BE7C63E6282E3A5C00E58E23 /* Table1 */;
			targetProxy = BE7C6401282E3A5E00E58E23 /* PBXContainerItemProxy */;
		};
		BE7C640C282E3A5E00E58E23 /* PBXTargetDependency */ = {
			isa = PBXTargetDependency;
			target = BE7C63E6282E3A5C00E58E23 /* Table1 */;
			targetProxy = BE7C640B282E3A5E00E58E23 /* PBXContainerItemProxy */;
		};
/* End PBXTargetDependency section */

/* Begin PBXVariantGroup section */
		BE7C63F0282E3A5C00E58E23 /* Main.storyboard */ = {
			isa = PBXVariantGroup;
			children = (
				BE7C63F1282E3A5C00E58E23 /* Base */,
			);
			name = Main.storyboard;
			sourceTree = "<group>";
		};
		BE7C63F8282E3A5E00E58E23 /* LaunchScreen.storyboard */ = {
			isa = PBXVariantGroup;
			children = (
				BE7C63F9282E3A5E00E58E23 /* Base */,
			);
			name = LaunchScreen.storyboard;
			sourceTree = "<group>";
		};
/* End PBXVariantGroup section */

/* Begin XCBuildConfiguration section */
		BE7C6412282E3A5E00E58E23 /* Debug */ = {
			isa = XCBuildConfiguration;
			buildSettings = {
				ALWAYS_SEARCH_USER_PATHS = NO;
				CLANG_ANALYZER_NONNULL = YES;
				CLANG_ANALYZER_NUMBER_OBJECT_CONVERSION = YES_AGGRESSIVE;
				CLANG_CXX_LANGUAGE_STANDARD = "gnu++17";
				CLANG_CXX_LIBRARY = "libc++";
				CLANG_ENABLE_MODULES = YES;
				CLANG_ENABLE_OBJC_ARC = YES;
				CLANG_ENABLE_OBJC_WEAK = YES;
				CLANG_WARN_BLOCK_CAPTURE_AUTORELEASING = YES;
				CLANG_WARN_BOOL_CONVERSION = YES;
				CLANG_WARN_COMMA = YES;
				CLANG_WARN_CONSTANT_CONVERSION = YES;
				CLANG_WARN_DEPRECATED_OBJC_IMPLEMENTATIONS = YES;
				CLANG_WARN_DIRECT_OBJC_ISA_USAGE = YES_ERROR;
				CLANG_WARN_DOCUMENTATION_COMMENTS = YES;
				CLANG_WARN_EMPTY_BODY = YES;
				CLANG_WARN_ENUM_CONVERSION = YES;
				CLANG_WARN_INFINITE_RECURSION = YES;
				CLANG_WARN_INT_CONVERSION = YES;
				CLANG_WARN_NON_LITERAL_NULL_CONVERSION = YES;
				CLANG_WARN_OBJC_IMPLICIT_RETAIN_SELF = YES;
				CLANG_WARN_OBJC_LITERAL_CONVERSION = YES;
				CLANG_WARN_OBJC_ROOT_CLASS = YES_ERROR;
				CLANG_WARN_QUOTED_INCLUDE_IN_FRAMEWORK_HEADER = YES;
				CLANG_WARN_RANGE_LOOP_ANALYSIS = YES;
				CLANG_WARN_STRICT_PROTOTYPES = YES;
				CLANG_WARN_SUSPICIOUS_MOVE = YES;
				CLANG_WARN_UNGUARDED_AVAILABILITY = YES_AGGRESSIVE;
				CLANG_WARN_UNREACHABLE_CODE = YES;
				CLANG_WARN__DUPLICATE_METHOD_MATCH = YES;
				COPY_PHASE_STRIP = NO;
				DEBUG_INFORMATION_FORMAT = dwarf;
				ENABLE_STRICT_OBJC_MSGSEND = YES;
				ENABLE_TESTABILITY = YES;
				GCC_C_LANGUAGE_STANDARD = gnu11;
				GCC_DYNAMIC_NO_PIC = NO;
				GCC_NO_COMMON_BLOCKS = YES;
				GCC_OPTIMIZATION_LEVEL = 0;
				GCC_PREPROCESSOR_DEFINITIONS = (
					"DEBUG=1",
					"$(inherited)",
				);
				GCC_WARN_64_TO_32_BIT_CONVERSION = YES;
				GCC_WARN_ABOUT_RETURN_TYPE = YES_ERROR;
				GCC_WARN_UNDECLARED_SELECTOR = YES;
				GCC_WARN_UNINITIALIZED_AUTOS = YES_AGGRESSIVE;
				GCC_WARN_UNUSED_FUNCTION = YES;
				GCC_WARN_UNUSED_VARIABLE = YES;
				IPHONEOS_DEPLOYMENT_TARGET = 15.2;
				MTL_ENABLE_DEBUG_INFO = INCLUDE_SOURCE;
				MTL_FAST_MATH = YES;
				ONLY_ACTIVE_ARCH = YES;
				SDKROOT = iphoneos;
				SWIFT_ACTIVE_COMPILATION_CONDITIONS = DEBUG;
				SWIFT_OPTIMIZATION_LEVEL = "-Onone";
			};
			name = Debug;
		};
		BE7C6413282E3A5E00E58E23 /* Release */ = {
			isa = XCBuildConfiguration;
			buildSettings = {
				ALWAYS_SEARCH_USER_PATHS = NO;
				CLANG_ANALYZER_NONNULL = YES;
				CLANG_ANALYZER_NUMBER_OBJECT_CONVERSION = YES_AGGRESSIVE;
				CLANG_CXX_LANGUAGE_STANDARD = "gnu++17";
				CLANG_CXX_LIBRARY = "libc++";
				CLANG_ENABLE_MODULES = YES;
				CLANG_ENABLE_OBJC_ARC = YES;
				CLANG_ENABLE_OBJC_WEAK = YES;
				CLANG_WARN_BLOCK_CAPTURE_AUTORELEASING = YES;
				CLANG_WARN_BOOL_CONVERSION = YES;
				CLANG_WARN_COMMA = YES;
				CLANG_WARN_CONSTANT_CONVERSION = YES;
				CLANG_WARN_DEPRECATED_OBJC_IMPLEMENTATIONS = YES;
				CLANG_WARN_DIRECT_OBJC_ISA_USAGE = YES_ERROR;
				CLANG_WARN_DOCUMENTATION_COMMENTS = YES;
				CLANG_WARN_EMPTY_BODY = YES;
				CLANG_WARN_ENUM_CONVERSION = YES;
				CLANG_WARN_INFINITE_RECURSION = YES;
				CLANG_WARN_INT_CONVERSION = YES;
				CLANG_WARN_NON_LITERAL_NULL_CONVERSION = YES;
				CLANG_WARN_OBJC_IMPLICIT_RETAIN_SELF = YES;
				CLANG_WARN_OBJC_LITERAL_CONVERSION = YES;
				CLANG_WARN_OBJC_ROOT_CLASS = YES_ERROR;
				CLANG_WARN_QUOTED_INCLUDE_IN_FRAMEWORK_HEADER = YES;
				CLANG_WARN_RANGE_LOOP_ANALYSIS = YES;
				CLANG_WARN_STRICT_PROTOTYPES = YES;
				CLANG_WARN_SUSPICIOUS_MOVE = YES;
				CLANG_WARN_UNGUARDED_AVAILABILITY = YES_AGGRESSIVE;
				CLANG_WARN_UNREACHABLE_CODE = YES;
				CLANG_WARN__DUPLICATE_METHOD_MATCH = YES;
				COPY_PHASE_STRIP = NO;
				DEBUG_INFORMATION_FORMAT = "dwarf-with-dsym";
				ENABLE_NS_ASSERTIONS = NO;
				ENABLE_STRICT_OBJC_MSGSEND = YES;
				GCC_C_LANGUAGE_STANDARD = gnu11;
				GCC_NO_COMMON_BLOCKS = YES;
				GCC_WARN_64_TO_32_BIT_CONVERSION = YES;
				GCC_WARN_ABOUT_RETURN_TYPE = YES_ERROR;
				GCC_WARN_UNDECLARED_SELECTOR = YES;
				GCC_WARN_UNINITIALIZED_AUTOS = YES_AGGRESSIVE;
				GCC_WARN_UNUSED_FUNCTION = YES;
				GCC_WARN_UNUSED_VARIABLE = YES;
				IPHONEOS_DEPLOYMENT_TARGET = 15.2;
				MTL_ENABLE_DEBUG_INFO = NO;
				MTL_FAST_MATH = YES;
				SDKROOT = iphoneos;
				SWIFT_COMPILATION_MODE = wholemodule;
				SWIFT_OPTIMIZATION_LEVEL = "-O";
				VALIDATE_PRODUCT = YES;
			};
			name = Release;
		};
		BE7C6415282E3A5E00E58E23 /* Debug */ = {
			isa = XCBuildConfiguration;
			buildSettings = {
				ASSETCATALOG_COMPILER_APPICON_NAME = AppIcon;
				ASSETCATALOG_COMPILER_GLOBAL_ACCENT_COLOR_NAME = AccentColor;
				CODE_SIGN_STYLE = Automatic;
				CURRENT_PROJECT_VERSION = 1;
				GENERATE_INFOPLIST_FILE = YES;
				INFOPLIST_FILE = Table1/Info.plist;
				INFOPLIST_KEY_UIApplicationSupportsIndirectInputEvents = YES;
				INFOPLIST_KEY_UILaunchStoryboardName = LaunchScreen;
				INFOPLIST_KEY_UIMainStoryboardFile = Main;
				INFOPLIST_KEY_UISupportedInterfaceOrientations_iPad = "UIInterfaceOrientationPortrait UIInterfaceOrientationPortraitUpsideDown UIInterfaceOrientationLandscapeLeft UIInterfaceOrientationLandscapeRight";
				INFOPLIST_KEY_UISupportedInterfaceOrientations_iPhone = "UIInterfaceOrientationPortrait UIInterfaceOrientationLandscapeLeft UIInterfaceOrientationLandscapeRight";
				LD_RUNPATH_SEARCH_PATHS = (
					"$(inherited)",
					"@executable_path/Frameworks",
				);
				MARKETING_VERSION = 1.0;
				PRODUCT_BUNDLE_IDENTIFIER = kr.ac.induk.Table1;
				PRODUCT_NAME = "$(TARGET_NAME)";
				SWIFT_EMIT_LOC_STRINGS = YES;
				SWIFT_VERSION = 5.0;
				TARGETED_DEVICE_FAMILY = "1,2";
			};
			name = Debug;
		};
		BE7C6416282E3A5E00E58E23 /* Release */ = {
			isa = XCBuildConfiguration;
			buildSettings = {
				ASSETCATALOG_COMPILER_APPICON_NAME = AppIcon;
				ASSETCATALOG_COMPILER_GLOBAL_ACCENT_COLOR_NAME = AccentColor;
				CODE_SIGN_STYLE = Automatic;
				CURRENT_PROJECT_VERSION = 1;
				GENERATE_INFOPLIST_FILE = YES;
				INFOPLIST_FILE = Table1/Info.plist;
				INFOPLIST_KEY_UIApplicationSupportsIndirectInputEvents = YES;
				INFOPLIST_KEY_UILaunchStoryboardName = LaunchScreen;
				INFOPLIST_KEY_UIMainStoryboardFile = Main;
				INFOPLIST_KEY_UISupportedInterfaceOrientations_iPad = "UIInterfaceOrientationPortrait UIInterfaceOrientationPortraitUpsideDown UIInterfaceOrientationLandscapeLeft UIInterfaceOrientationLandscapeRight";
				INFOPLIST_KEY_UISupportedInterfaceOrientations_iPhone = "UIInterfaceOrientationPortrait UIInterfaceOrientationLandscapeLeft UIInterfaceOrientationLandscapeRight";
				LD_RUNPATH_SEARCH_PATHS = (
					"$(inherited)",
					"@executable_path/Frameworks",
				);
				MARKETING_VERSION = 1.0;
				PRODUCT_BUNDLE_IDENTIFIER = kr.ac.induk.Table1;
				PRODUCT_NAME = "$(TARGET_NAME)";
				SWIFT_EMIT_LOC_STRINGS = YES;
				SWIFT_VERSION = 5.0;
				TARGETED_DEVICE_FAMILY = "1,2";
			};
			name = Release;
		};
		BE7C6418282E3A5E00E58E23 /* Debug */ = {
			isa = XCBuildConfiguration;
			buildSettings = {
				ALWAYS_EMBED_SWIFT_STANDARD_LIBRARIES = YES;
				BUNDLE_LOADER = "$(TEST_HOST)";
				CODE_SIGN_STYLE = Automatic;
				CURRENT_PROJECT_VERSION = 1;
				GENERATE_INFOPLIST_FILE = YES;
				IPHONEOS_DEPLOYMENT_TARGET = 15.2;
				MARKETING_VERSION = 1.0;
				PRODUCT_BUNDLE_IDENTIFIER = kr.ac.induk.Table1Tests;
				PRODUCT_NAME = "$(TARGET_NAME)";
				SWIFT_EMIT_LOC_STRINGS = NO;
				SWIFT_VERSION = 5.0;
				TARGETED_DEVICE_FAMILY = "1,2";
				TEST_HOST = "$(BUILT_PRODUCTS_DIR)/Table1.app/Table1";
			};
			name = Debug;
		};
		BE7C6419282E3A5E00E58E23 /* Release */ = {
			isa = XCBuildConfiguration;
			buildSettings = {
				ALWAYS_EMBED_SWIFT_STANDARD_LIBRARIES = YES;
				BUNDLE_LOADER = "$(TEST_HOST)";
				CODE_SIGN_STYLE = Automatic;
				CURRENT_PROJECT_VERSION = 1;
				GENERATE_INFOPLIST_FILE = YES;
				IPHONEOS_DEPLOYMENT_TARGET = 15.2;
				MARKETING_VERSION = 1.0;
				PRODUCT_BUNDLE_IDENTIFIER = kr.ac.induk.Table1Tests;
				PRODUCT_NAME = "$(TARGET_NAME)";
				SWIFT_EMIT_LOC_STRINGS = NO;
				SWIFT_VERSION = 5.0;
				TARGETED_DEVICE_FAMILY = "1,2";
				TEST_HOST = "$(BUILT_PRODUCTS_DIR)/Table1.app/Table1";
			};
			name = Release;
		};
		BE7C641B282E3A5E00E58E23 /* Debug */ = {
			isa = XCBuildConfiguration;
			buildSettings = {
				ALWAYS_EMBED_SWIFT_STANDARD_LIBRARIES = YES;
				CODE_SIGN_STYLE = Automatic;
				CURRENT_PROJECT_VERSION = 1;
				GENERATE_INFOPLIST_FILE = YES;
				MARKETING_VERSION = 1.0;
				PRODUCT_BUNDLE_IDENTIFIER = kr.ac.induk.Table1UITests;
				PRODUCT_NAME = "$(TARGET_NAME)";
				SWIFT_EMIT_LOC_STRINGS = NO;
				SWIFT_VERSION = 5.0;
				TARGETED_DEVICE_FAMILY = "1,2";
				TEST_TARGET_NAME = Table1;
			};
			name = Debug;
		};
		BE7C641C282E3A5E00E58E23 /* Release */ = {
			isa = XCBuildConfiguration;
			buildSettings = {
				ALWAYS_EMBED_SWIFT_STANDARD_LIBRARIES = YES;
				CODE_SIGN_STYLE = Automatic;
				CURRENT_PROJECT_VERSION = 1;
				GENERATE_INFOPLIST_FILE = YES;
				MARKETING_VERSION = 1.0;
				PRODUCT_BUNDLE_IDENTIFIER = kr.ac.induk.Table1UITests;
				PRODUCT_NAME = "$(TARGET_NAME)";
				SWIFT_EMIT_LOC_STRINGS = NO;
				SWIFT_VERSION = 5.0;
				TARGETED_DEVICE_FAMILY = "1,2";
				TEST_TARGET_NAME = Table1;
			};
			name = Release;
		};
/* End XCBuildConfiguration section */

/* Begin XCConfigurationList section */
		BE7C63E2282E3A5C00E58E23 /* Build configuration list for PBXProject "Table1" */ = {
			isa = XCConfigurationList;
			buildConfigurations = (
				BE7C6412282E3A5E00E58E23 /* Debug */,
				BE7C6413282E3A5E00E58E23 /* Release */,
			);
			defaultConfigurationIsVisible = 0;
			defaultConfigurationName = Release;
		};
		BE7C6414282E3A5E00E58E23 /* Build configuration list for PBXNativeTarget "Table1" */ = {
			isa = XCConfigurationList;
			buildConfigurations = (
				BE7C6415282E3A5E00E58E23 /* Debug */,
				BE7C6416282E3A5E00E58E23 /* Release */,
			);
			defaultConfigurationIsVisible = 0;
			defaultConfigurationName = Release;
		};
		BE7C6417282E3A5E00E58E23 /* Build configuration list for PBXNativeTarget "Table1Tests" */ = {
			isa = XCConfigurationList;
			buildConfigurations = (
				BE7C6418282E3A5E00E58E23 /* Debug */,
				BE7C6419282E3A5E00E58E23 /* Release */,
			);
			defaultConfigurationIsVisible = 0;
			defaultConfigurationName = Release;
		};
		BE7C641A282E3A5E00E58E23 /* Build configuration list for PBXNativeTarget "Table1UITests" */ = {
			isa = XCConfigurationList;
			buildConfigurations = (
				BE7C641B282E3A5E00E58E23 /* Debug */,
				BE7C641C282E3A5E00E58E23 /* Release */,
			);
			defaultConfigurationIsVisible = 0;
			defaultConfigurationName = Release;
		};
/* End XCConfigurationList section */

/* Begin XCVersionGroup section */
		BE7C63F3282E3A5C00E58E23 /* Table1.xcdatamodeld */ = {
			isa = XCVersionGroup;
			children = (
				BE7C63F4282E3A5C00E58E23 /* Table1.xcdatamodel */,
			);
			currentVersion = BE7C63F4282E3A5C00E58E23 /* Table1.xcdatamodel */;
			path = Table1.xcdatamodeld;
			sourceTree = "<group>";
			versionGroupType = wrapper.xcdatamodel;
		};
/* End XCVersionGroup section */
	};
	rootObject = BE7C63DF282E3A5C00E58E23 /* Project object */;
}
