// !$*UTF8*$!
{
	archiveVersion = 1;
	classes = {
	};
	objectVersion = 55;
	objects = {

/* Begin PBXBuildFile section */
		BE3D111E28375AD800B26B54 /* AppDelegate.swift in Sources */ = {isa = PBXBuildFile; fileRef = BE3D111D28375AD800B26B54 /* AppDelegate.swift */; };
		BE3D112028375AD800B26B54 /* SceneDelegate.swift in Sources */ = {isa = PBXBuildFile; fileRef = BE3D111F28375AD800B26B54 /* SceneDelegate.swift */; };
		BE3D112228375AD800B26B54 /* ViewController.swift in Sources */ = {isa = PBXBuildFile; fileRef = BE3D112128375AD800B26B54 /* ViewController.swift */; };
		BE3D112528375AD800B26B54 /* Main.storyboard in Resources */ = {isa = PBXBuildFile; fileRef = BE3D112328375AD800B26B54 /* Main.storyboard */; };
		BE3D112828375AD800B26B54 /* Audio.xcdatamodeld in Sources */ = {isa = PBXBuildFile; fileRef = BE3D112628375AD800B26B54 /* Audio.xcdatamodeld */; };
		BE3D112A28375ADA00B26B54 /* Assets.xcassets in Resources */ = {isa = PBXBuildFile; fileRef = BE3D112928375ADA00B26B54 /* Assets.xcassets */; };
		BE3D112D28375ADA00B26B54 /* LaunchScreen.storyboard in Resources */ = {isa = PBXBuildFile; fileRef = BE3D112B28375ADA00B26B54 /* LaunchScreen.storyboard */; };
		BE3D113828375ADA00B26B54 /* AudioTests.swift in Sources */ = {isa = PBXBuildFile; fileRef = BE3D113728375ADA00B26B54 /* AudioTests.swift */; };
		BE3D114228375ADA00B26B54 /* AudioUITests.swift in Sources */ = {isa = PBXBuildFile; fileRef = BE3D114128375ADA00B26B54 /* AudioUITests.swift */; };
		BE3D114428375ADA00B26B54 /* AudioUITestsLaunchTests.swift in Sources */ = {isa = PBXBuildFile; fileRef = BE3D114328375ADA00B26B54 /* AudioUITestsLaunchTests.swift */; };
		BE3D115128375F7F00B26B54 /* song.mp3 in Resources */ = {isa = PBXBuildFile; fileRef = BE3D115028375F7F00B26B54 /* song.mp3 */; };
/* End PBXBuildFile section */

/* Begin PBXContainerItemProxy section */
		BE3D113428375ADA00B26B54 /* PBXContainerItemProxy */ = {
			isa = PBXContainerItemProxy;
			containerPortal = BE3D111228375AD800B26B54 /* Project object */;
			proxyType = 1;
			remoteGlobalIDString = BE3D111928375AD800B26B54;
			remoteInfo = Audio;
		};
		BE3D113E28375ADA00B26B54 /* PBXContainerItemProxy */ = {
			isa = PBXContainerItemProxy;
			containerPortal = BE3D111228375AD800B26B54 /* Project object */;
			proxyType = 1;
			remoteGlobalIDString = BE3D111928375AD800B26B54;
			remoteInfo = Audio;
		};
/* End PBXContainerItemProxy section */

/* Begin PBXFileReference section */
		BE3D111A28375AD800B26B54 /* Audio.app */ = {isa = PBXFileReference; explicitFileType = wrapper.application; includeInIndex = 0; path = Audio.app; sourceTree = BUILT_PRODUCTS_DIR; };
		BE3D111D28375AD800B26B54 /* AppDelegate.swift */ = {isa = PBXFileReference; lastKnownFileType = sourcecode.swift; path = AppDelegate.swift; sourceTree = "<group>"; };
		BE3D111F28375AD800B26B54 /* SceneDelegate.swift */ = {isa = PBXFileReference; lastKnownFileType = sourcecode.swift; path = SceneDelegate.swift; sourceTree = "<group>"; };
		BE3D112128375AD800B26B54 /* ViewController.swift */ = {isa = PBXFileReference; lastKnownFileType = sourcecode.swift; path = ViewController.swift; sourceTree = "<group>"; };
		BE3D112428375AD800B26B54 /* Base */ = {isa = PBXFileReference; lastKnownFileType = file.storyboard; name = Base; path = Base.lproj/Main.storyboard; sourceTree = "<group>"; };
		BE3D112728375AD800B26B54 /* Audio.xcdatamodel */ = {isa = PBXFileReference; lastKnownFileType = wrapper.xcdatamodel; path = Audio.xcdatamodel; sourceTree = "<group>"; };
		BE3D112928375ADA00B26B54 /* Assets.xcassets */ = {isa = PBXFileReference; lastKnownFileType = folder.assetcatalog; path = Assets.xcassets; sourceTree = "<group>"; };
		BE3D112C28375ADA00B26B54 /* Base */ = {isa = PBXFileReference; lastKnownFileType = file.storyboard; name = Base; path = Base.lproj/LaunchScreen.storyboard; sourceTree = "<group>"; };
		BE3D112E28375ADA00B26B54 /* Info.plist */ = {isa = PBXFileReference; lastKnownFileType = text.plist.xml; path = Info.plist; sourceTree = "<group>"; };
		BE3D113328375ADA00B26B54 /* AudioTests.xctest */ = {isa = PBXFileReference; explicitFileType = wrapper.cfbundle; includeInIndex = 0; path = AudioTests.xctest; sourceTree = BUILT_PRODUCTS_DIR; };
		BE3D113728375ADA00B26B54 /* AudioTests.swift */ = {isa = PBXFileReference; lastKnownFileType = sourcecode.swift; path = AudioTests.swift; sourceTree = "<group>"; };
		BE3D113D28375ADA00B26B54 /* AudioUITests.xctest */ = {isa = PBXFileReference; explicitFileType = wrapper.cfbundle; includeInIndex = 0; path = AudioUITests.xctest; sourceTree = BUILT_PRODUCTS_DIR; };
		BE3D114128375ADA00B26B54 /* AudioUITests.swift */ = {isa = PBXFileReference; lastKnownFileType = sourcecode.swift; path = AudioUITests.swift; sourceTree = "<group>"; };
		BE3D114328375ADA00B26B54 /* AudioUITestsLaunchTests.swift */ = {isa = PBXFileReference; lastKnownFileType = sourcecode.swift; path = AudioUITestsLaunchTests.swift; sourceTree = "<group>"; };
		BE3D115028375F7F00B26B54 /* song.mp3 */ = {isa = PBXFileReference; lastKnownFileType = audio.mp3; path = song.mp3; sourceTree = "<group>"; };
/* End PBXFileReference section */

/* Begin PBXFrameworksBuildPhase section */
		BE3D111728375AD800B26B54 /* Frameworks */ = {
			isa = PBXFrameworksBuildPhase;
			buildActionMask = 2147483647;
			files = (
			);
			runOnlyForDeploymentPostprocessing = 0;
		};
		BE3D113028375ADA00B26B54 /* Frameworks */ = {
			isa = PBXFrameworksBuildPhase;
			buildActionMask = 2147483647;
			files = (
			);
			runOnlyForDeploymentPostprocessing = 0;
		};
		BE3D113A28375ADA00B26B54 /* Frameworks */ = {
			isa = PBXFrameworksBuildPhase;
			buildActionMask = 2147483647;
			files = (
			);
			runOnlyForDeploymentPostprocessing = 0;
		};
/* End PBXFrameworksBuildPhase section */

/* Begin PBXGroup section */
		BE3D111128375AD800B26B54 = {
			isa = PBXGroup;
			children = (
				BE3D111C28375AD800B26B54 /* Audio */,
				BE3D113628375ADA00B26B54 /* AudioTests */,
				BE3D114028375ADA00B26B54 /* AudioUITests */,
				BE3D111B28375AD800B26B54 /* Products */,
			);
			sourceTree = "<group>";
		};
		BE3D111B28375AD800B26B54 /* Products */ = {
			isa = PBXGroup;
			children = (
				BE3D111A28375AD800B26B54 /* Audio.app */,
				BE3D113328375ADA00B26B54 /* AudioTests.xctest */,
				BE3D113D28375ADA00B26B54 /* AudioUITests.xctest */,
			);
			name = Products;
			sourceTree = "<group>";
		};
		BE3D111C28375AD800B26B54 /* Audio */ = {
			isa = PBXGroup;
			children = (
				BE3D115028375F7F00B26B54 /* song.mp3 */,
				BE3D111D28375AD800B26B54 /* AppDelegate.swift */,
				BE3D111F28375AD800B26B54 /* SceneDelegate.swift */,
				BE3D112128375AD800B26B54 /* ViewController.swift */,
				BE3D112328375AD800B26B54 /* Main.storyboard */,
				BE3D112928375ADA00B26B54 /* Assets.xcassets */,
				BE3D112B28375ADA00B26B54 /* LaunchScreen.storyboard */,
				BE3D112E28375ADA00B26B54 /* Info.plist */,
				BE3D112628375AD800B26B54 /* Audio.xcdatamodeld */,
			);
			path = Audio;
			sourceTree = "<group>";
		};
		BE3D113628375ADA00B26B54 /* AudioTests */ = {
			isa = PBXGroup;
			children = (
				BE3D113728375ADA00B26B54 /* AudioTests.swift */,
			);
			path = AudioTests;
			sourceTree = "<group>";
		};
		BE3D114028375ADA00B26B54 /* AudioUITests */ = {
			isa = PBXGroup;
			children = (
				BE3D114128375ADA00B26B54 /* AudioUITests.swift */,
				BE3D114328375ADA00B26B54 /* AudioUITestsLaunchTests.swift */,
			);
			path = AudioUITests;
			sourceTree = "<group>";
		};
/* End PBXGroup section */

/* Begin PBXNativeTarget section */
		BE3D111928375AD800B26B54 /* Audio */ = {
			isa = PBXNativeTarget;
			buildConfigurationList = BE3D114728375ADA00B26B54 /* Build configuration list for PBXNativeTarget "Audio" */;
			buildPhases = (
				BE3D111628375AD800B26B54 /* Sources */,
				BE3D111728375AD800B26B54 /* Frameworks */,
				BE3D111828375AD800B26B54 /* Resources */,
			);
			buildRules = (
			);
			dependencies = (
			);
			name = Audio;
			productName = Audio;
			productReference = BE3D111A28375AD800B26B54 /* Audio.app */;
			productType = "com.apple.product-type.application";
		};
		BE3D113228375ADA00B26B54 /* AudioTests */ = {
			isa = PBXNativeTarget;
			buildConfigurationList = BE3D114A28375ADA00B26B54 /* Build configuration list for PBXNativeTarget "AudioTests" */;
			buildPhases = (
				BE3D112F28375ADA00B26B54 /* Sources */,
				BE3D113028375ADA00B26B54 /* Frameworks */,
				BE3D113128375ADA00B26B54 /* Resources */,
			);
			buildRules = (
			);
			dependencies = (
				BE3D113528375ADA00B26B54 /* PBXTargetDependency */,
			);
			name = AudioTests;
			productName = AudioTests;
			productReference = BE3D113328375ADA00B26B54 /* AudioTests.xctest */;
			productType = "com.apple.product-type.bundle.unit-test";
		};
		BE3D113C28375ADA00B26B54 /* AudioUITests */ = {
			isa = PBXNativeTarget;
			buildConfigurationList = BE3D114D28375ADA00B26B54 /* Build configuration list for PBXNativeTarget "AudioUITests" */;
			buildPhases = (
				BE3D113928375ADA00B26B54 /* Sources */,
				BE3D113A28375ADA00B26B54 /* Frameworks */,
				BE3D113B28375ADA00B26B54 /* Resources */,
			);
			buildRules = (
			);
			dependencies = (
				BE3D113F28375ADA00B26B54 /* PBXTargetDependency */,
			);
			name = AudioUITests;
			productName = AudioUITests;
			productReference = BE3D113D28375ADA00B26B54 /* AudioUITests.xctest */;
			productType = "com.apple.product-type.bundle.ui-testing";
		};
/* End PBXNativeTarget section */

/* Begin PBXProject section */
		BE3D111228375AD800B26B54 /* Project object */ = {
			isa = PBXProject;
			attributes = {
				BuildIndependentTargetsInParallel = 1;
				LastSwiftUpdateCheck = 1320;
				LastUpgradeCheck = 1320;
				TargetAttributes = {
					BE3D111928375AD800B26B54 = {
						CreatedOnToolsVersion = 13.2.1;
					};
					BE3D113228375ADA00B26B54 = {
						CreatedOnToolsVersion = 13.2.1;
						TestTargetID = BE3D111928375AD800B26B54;
					};
					BE3D113C28375ADA00B26B54 = {
						CreatedOnToolsVersion = 13.2.1;
						TestTargetID = BE3D111928375AD800B26B54;
					};
				};
			};
			buildConfigurationList = BE3D111528375AD800B26B54 /* Build configuration list for PBXProject "Audio" */;
			compatibilityVersion = "Xcode 13.0";
			developmentRegion = en;
			hasScannedForEncodings = 0;
			knownRegions = (
				en,
				Base,
			);
			mainGroup = BE3D111128375AD800B26B54;
			productRefGroup = BE3D111B28375AD800B26B54 /* Products */;
			projectDirPath = "";
			projectRoot = "";
			targets = (
				BE3D111928375AD800B26B54 /* Audio */,
				BE3D113228375ADA00B26B54 /* AudioTests */,
				BE3D113C28375ADA00B26B54 /* AudioUITests */,
			);
		};
/* End PBXProject section */

/* Begin PBXResourcesBuildPhase section */
		BE3D111828375AD800B26B54 /* Resources */ = {
			isa = PBXResourcesBuildPhase;
			buildActionMask = 2147483647;
			files = (
				BE3D112D28375ADA00B26B54 /* LaunchScreen.storyboard in Resources */,
				BE3D115128375F7F00B26B54 /* song.mp3 in Resources */,
				BE3D112A28375ADA00B26B54 /* Assets.xcassets in Resources */,
				BE3D112528375AD800B26B54 /* Main.storyboard in Resources */,
			);
			runOnlyForDeploymentPostprocessing = 0;
		};
		BE3D113128375ADA00B26B54 /* Resources */ = {
			isa = PBXResourcesBuildPhase;
			buildActionMask = 2147483647;
			files = (
			);
			runOnlyForDeploymentPostprocessing = 0;
		};
		BE3D113B28375ADA00B26B54 /* Resources */ = {
			isa = PBXResourcesBuildPhase;
			buildActionMask = 2147483647;
			files = (
			);
			runOnlyForDeploymentPostprocessing = 0;
		};
/* End PBXResourcesBuildPhase section */

/* Begin PBXSourcesBuildPhase section */
		BE3D111628375AD800B26B54 /* Sources */ = {
			isa = PBXSourcesBuildPhase;
			buildActionMask = 2147483647;
			files = (
				BE3D112828375AD800B26B54 /* Audio.xcdatamodeld in Sources */,
				BE3D112228375AD800B26B54 /* ViewController.swift in Sources */,
				BE3D111E28375AD800B26B54 /* AppDelegate.swift in Sources */,
				BE3D112028375AD800B26B54 /* SceneDelegate.swift in Sources */,
			);
			runOnlyForDeploymentPostprocessing = 0;
		};
		BE3D112F28375ADA00B26B54 /* Sources */ = {
			isa = PBXSourcesBuildPhase;
			buildActionMask = 2147483647;
			files = (
				BE3D113828375ADA00B26B54 /* AudioTests.swift in Sources */,
			);
			runOnlyForDeploymentPostprocessing = 0;
		};
		BE3D113928375ADA00B26B54 /* Sources */ = {
			isa = PBXSourcesBuildPhase;
			buildActionMask = 2147483647;
			files = (
				BE3D114228375ADA00B26B54 /* AudioUITests.swift in Sources */,
				BE3D114428375ADA00B26B54 /* AudioUITestsLaunchTests.swift in Sources */,
			);
			runOnlyForDeploymentPostprocessing = 0;
		};
/* End PBXSourcesBuildPhase section */

/* Begin PBXTargetDependency section */
		BE3D113528375ADA00B26B54 /* PBXTargetDependency */ = {
			isa = PBXTargetDependency;
			target = BE3D111928375AD800B26B54 /* Audio */;
			targetProxy = BE3D113428375ADA00B26B54 /* PBXContainerItemProxy */;
		};
		BE3D113F28375ADA00B26B54 /* PBXTargetDependency */ = {
			isa = PBXTargetDependency;
			target = BE3D111928375AD800B26B54 /* Audio */;
			targetProxy = BE3D113E28375ADA00B26B54 /* PBXContainerItemProxy */;
		};
/* End PBXTargetDependency section */

/* Begin PBXVariantGroup section */
		BE3D112328375AD800B26B54 /* Main.storyboard */ = {
			isa = PBXVariantGroup;
			children = (
				BE3D112428375AD800B26B54 /* Base */,
			);
			name = Main.storyboard;
			sourceTree = "<group>";
		};
		BE3D112B28375ADA00B26B54 /* LaunchScreen.storyboard */ = {
			isa = PBXVariantGroup;
			children = (
				BE3D112C28375ADA00B26B54 /* Base */,
			);
			name = LaunchScreen.storyboard;
			sourceTree = "<group>";
		};
/* End PBXVariantGroup section */

/* Begin XCBuildConfiguration section */
		BE3D114528375ADA00B26B54 /* Debug */ = {
			isa = XCBuildConfiguration;
			buildSettings = {
				ALWAYS_SEARCH_USER_PATHS = NO;
				CLANG_ANALYZER_NONNULL = YES;
				CLANG_ANALYZER_NUMBER_OBJECT_CONVERSION = YES_AGGRESSIVE;
				CLANG_CXX_LANGUAGE_STANDARD = "gnu++17";
				CLANG_CXX_LIBRARY = "libc++";
				CLANG_ENABLE_MODULES = YES;
				CLANG_ENABLE_OBJC_ARC = YES;
				CLANG_ENABLE_OBJC_WEAK = YES;
				CLANG_WARN_BLOCK_CAPTURE_AUTORELEASING = YES;
				CLANG_WARN_BOOL_CONVERSION = YES;
				CLANG_WARN_COMMA = YES;
				CLANG_WARN_CONSTANT_CONVERSION = YES;
				CLANG_WARN_DEPRECATED_OBJC_IMPLEMENTATIONS = YES;
				CLANG_WARN_DIRECT_OBJC_ISA_USAGE = YES_ERROR;
				CLANG_WARN_DOCUMENTATION_COMMENTS = YES;
				CLANG_WARN_EMPTY_BODY = YES;
				CLANG_WARN_ENUM_CONVERSION = YES;
				CLANG_WARN_INFINITE_RECURSION = YES;
				CLANG_WARN_INT_CONVERSION = YES;
				CLANG_WARN_NON_LITERAL_NULL_CONVERSION = YES;
				CLANG_WARN_OBJC_IMPLICIT_RETAIN_SELF = YES;
				CLANG_WARN_OBJC_LITERAL_CONVERSION = YES;
				CLANG_WARN_OBJC_ROOT_CLASS = YES_ERROR;
				CLANG_WARN_QUOTED_INCLUDE_IN_FRAMEWORK_HEADER = YES;
				CLANG_WARN_RANGE_LOOP_ANALYSIS = YES;
				CLANG_WARN_STRICT_PROTOTYPES = YES;
				CLANG_WARN_SUSPICIOUS_MOVE = YES;
				CLANG_WARN_UNGUARDED_AVAILABILITY = YES_AGGRESSIVE;
				CLANG_WARN_UNREACHABLE_CODE = YES;
				CLANG_WARN__DUPLICATE_METHOD_MATCH = YES;
				COPY_PHASE_STRIP = NO;
				DEBUG_INFORMATION_FORMAT = dwarf;
				ENABLE_STRICT_OBJC_MSGSEND = YES;
				ENABLE_TESTABILITY = YES;
				GCC_C_LANGUAGE_STANDARD = gnu11;
				GCC_DYNAMIC_NO_PIC = NO;
				GCC_NO_COMMON_BLOCKS = YES;
				GCC_OPTIMIZATION_LEVEL = 0;
				GCC_PREPROCESSOR_DEFINITIONS = (
					"DEBUG=1",
					"$(inherited)",
				);
				GCC_WARN_64_TO_32_BIT_CONVERSION = YES;
				GCC_WARN_ABOUT_RETURN_TYPE = YES_ERROR;
				GCC_WARN_UNDECLARED_SELECTOR = YES;
				GCC_WARN_UNINITIALIZED_AUTOS = YES_AGGRESSIVE;
				GCC_WARN_UNUSED_FUNCTION = YES;
				GCC_WARN_UNUSED_VARIABLE = YES;
				IPHONEOS_DEPLOYMENT_TARGET = 15.2;
				MTL_ENABLE_DEBUG_INFO = INCLUDE_SOURCE;
				MTL_FAST_MATH = YES;
				ONLY_ACTIVE_ARCH = YES;
				SDKROOT = iphoneos;
				SWIFT_ACTIVE_COMPILATION_CONDITIONS = DEBUG;
				SWIFT_OPTIMIZATION_LEVEL = "-Onone";
			};
			name = Debug;
		};
		BE3D114628375ADA00B26B54 /* Release */ = {
			isa = XCBuildConfiguration;
			buildSettings = {
				ALWAYS_SEARCH_USER_PATHS = NO;
				CLANG_ANALYZER_NONNULL = YES;
				CLANG_ANALYZER_NUMBER_OBJECT_CONVERSION = YES_AGGRESSIVE;
				CLANG_CXX_LANGUAGE_STANDARD = "gnu++17";
				CLANG_CXX_LIBRARY = "libc++";
				CLANG_ENABLE_MODULES = YES;
				CLANG_ENABLE_OBJC_ARC = YES;
				CLANG_ENABLE_OBJC_WEAK = YES;
				CLANG_WARN_BLOCK_CAPTURE_AUTORELEASING = YES;
				CLANG_WARN_BOOL_CONVERSION = YES;
				CLANG_WARN_COMMA = YES;
				CLANG_WARN_CONSTANT_CONVERSION = YES;
				CLANG_WARN_DEPRECATED_OBJC_IMPLEMENTATIONS = YES;
				CLANG_WARN_DIRECT_OBJC_ISA_USAGE = YES_ERROR;
				CLANG_WARN_DOCUMENTATION_COMMENTS = YES;
				CLANG_WARN_EMPTY_BODY = YES;
				CLANG_WARN_ENUM_CONVERSION = YES;
				CLANG_WARN_INFINITE_RECURSION = YES;
				CLANG_WARN_INT_CONVERSION = YES;
				CLANG_WARN_NON_LITERAL_NULL_CONVERSION = YES;
				CLANG_WARN_OBJC_IMPLICIT_RETAIN_SELF = YES;
				CLANG_WARN_OBJC_LITERAL_CONVERSION = YES;
				CLANG_WARN_OBJC_ROOT_CLASS = YES_ERROR;
				CLANG_WARN_QUOTED_INCLUDE_IN_FRAMEWORK_HEADER = YES;
				CLANG_WARN_RANGE_LOOP_ANALYSIS = YES;
				CLANG_WARN_STRICT_PROTOTYPES = YES;
				CLANG_WARN_SUSPICIOUS_MOVE = YES;
				CLANG_WARN_UNGUARDED_AVAILABILITY = YES_AGGRESSIVE;
				CLANG_WARN_UNREACHABLE_CODE = YES;
				CLANG_WARN__DUPLICATE_METHOD_MATCH = YES;
				COPY_PHASE_STRIP = NO;
				DEBUG_INFORMATION_FORMAT = "dwarf-with-dsym";
				ENABLE_NS_ASSERTIONS = NO;
				ENABLE_STRICT_OBJC_MSGSEND = YES;
				GCC_C_LANGUAGE_STANDARD = gnu11;
				GCC_NO_COMMON_BLOCKS = YES;
				GCC_WARN_64_TO_32_BIT_CONVERSION = YES;
				GCC_WARN_ABOUT_RETURN_TYPE = YES_ERROR;
				GCC_WARN_UNDECLARED_SELECTOR = YES;
				GCC_WARN_UNINITIALIZED_AUTOS = YES_AGGRESSIVE;
				GCC_WARN_UNUSED_FUNCTION = YES;
				GCC_WARN_UNUSED_VARIABLE = YES;
				IPHONEOS_DEPLOYMENT_TARGET = 15.2;
				MTL_ENABLE_DEBUG_INFO = NO;
				MTL_FAST_MATH = YES;
				SDKROOT = iphoneos;
				SWIFT_COMPILATION_MODE = wholemodule;
				SWIFT_OPTIMIZATION_LEVEL = "-O";
				VALIDATE_PRODUCT = YES;
			};
			name = Release;
		};
		BE3D114828375ADA00B26B54 /* Debug */ = {
			isa = XCBuildConfiguration;
			buildSettings = {
				ASSETCATALOG_COMPILER_APPICON_NAME = AppIcon;
				ASSETCATALOG_COMPILER_GLOBAL_ACCENT_COLOR_NAME = AccentColor;
				CODE_SIGN_STYLE = Automatic;
				CURRENT_PROJECT_VERSION = 1;
				GENERATE_INFOPLIST_FILE = YES;
				INFOPLIST_FILE = Audio/Info.plist;
				INFOPLIST_KEY_UIApplicationSupportsIndirectInputEvents = YES;
				INFOPLIST_KEY_UILaunchStoryboardName = LaunchScreen;
				INFOPLIST_KEY_UIMainStoryboardFile = Main;
				INFOPLIST_KEY_UISupportedInterfaceOrientations_iPad = "UIInterfaceOrientationPortrait UIInterfaceOrientationPortraitUpsideDown UIInterfaceOrientationLandscapeLeft UIInterfaceOrientationLandscapeRight";
				INFOPLIST_KEY_UISupportedInterfaceOrientations_iPhone = "UIInterfaceOrientationPortrait UIInterfaceOrientationLandscapeLeft UIInterfaceOrientationLandscapeRight";
				LD_RUNPATH_SEARCH_PATHS = (
					"$(inherited)",
					"@executable_path/Frameworks",
				);
				MARKETING_VERSION = 1.0;
				PRODUCT_BUNDLE_IDENTIFIER = kr.ac.induk.Audio;
				PRODUCT_NAME = "$(TARGET_NAME)";
				SWIFT_EMIT_LOC_STRINGS = YES;
				SWIFT_VERSION = 5.0;
				TARGETED_DEVICE_FAMILY = "1,2";
			};
			name = Debug;
		};
		BE3D114928375ADA00B26B54 /* Release */ = {
			isa = XCBuildConfiguration;
			buildSettings = {
				ASSETCATALOG_COMPILER_APPICON_NAME = AppIcon;
				ASSETCATALOG_COMPILER_GLOBAL_ACCENT_COLOR_NAME = AccentColor;
				CODE_SIGN_STYLE = Automatic;
				CURRENT_PROJECT_VERSION = 1;
				GENERATE_INFOPLIST_FILE = YES;
				INFOPLIST_FILE = Audio/Info.plist;
				INFOPLIST_KEY_UIApplicationSupportsIndirectInputEvents = YES;
				INFOPLIST_KEY_UILaunchStoryboardName = LaunchScreen;
				INFOPLIST_KEY_UIMainStoryboardFile = Main;
				INFOPLIST_KEY_UISupportedInterfaceOrientations_iPad = "UIInterfaceOrientationPortrait UIInterfaceOrientationPortraitUpsideDown UIInterfaceOrientationLandscapeLeft UIInterfaceOrientationLandscapeRight";
				INFOPLIST_KEY_UISupportedInterfaceOrientations_iPhone = "UIInterfaceOrientationPortrait UIInterfaceOrientationLandscapeLeft UIInterfaceOrientationLandscapeRight";
				LD_RUNPATH_SEARCH_PATHS = (
					"$(inherited)",
					"@executable_path/Frameworks",
				);
				MARKETING_VERSION = 1.0;
				PRODUCT_BUNDLE_IDENTIFIER = kr.ac.induk.Audio;
				PRODUCT_NAME = "$(TARGET_NAME)";
				SWIFT_EMIT_LOC_STRINGS = YES;
				SWIFT_VERSION = 5.0;
				TARGETED_DEVICE_FAMILY = "1,2";
			};
			name = Release;
		};
		BE3D114B28375ADA00B26B54 /* Debug */ = {
			isa = XCBuildConfiguration;
			buildSettings = {
				ALWAYS_EMBED_SWIFT_STANDARD_LIBRARIES = YES;
				BUNDLE_LOADER = "$(TEST_HOST)";
				CODE_SIGN_STYLE = Automatic;
				CURRENT_PROJECT_VERSION = 1;
				GENERATE_INFOPLIST_FILE = YES;
				IPHONEOS_DEPLOYMENT_TARGET = 15.2;
				MARKETING_VERSION = 1.0;
				PRODUCT_BUNDLE_IDENTIFIER = kr.ac.induk.AudioTests;
				PRODUCT_NAME = "$(TARGET_NAME)";
				SWIFT_EMIT_LOC_STRINGS = NO;
				SWIFT_VERSION = 5.0;
				TARGETED_DEVICE_FAMILY = "1,2";
				TEST_HOST = "$(BUILT_PRODUCTS_DIR)/Audio.app/Audio";
			};
			name = Debug;
		};
		BE3D114C28375ADA00B26B54 /* Release */ = {
			isa = XCBuildConfiguration;
			buildSettings = {
				ALWAYS_EMBED_SWIFT_STANDARD_LIBRARIES = YES;
				BUNDLE_LOADER = "$(TEST_HOST)";
				CODE_SIGN_STYLE = Automatic;
				CURRENT_PROJECT_VERSION = 1;
				GENERATE_INFOPLIST_FILE = YES;
				IPHONEOS_DEPLOYMENT_TARGET = 15.2;
				MARKETING_VERSION = 1.0;
				PRODUCT_BUNDLE_IDENTIFIER = kr.ac.induk.AudioTests;
				PRODUCT_NAME = "$(TARGET_NAME)";
				SWIFT_EMIT_LOC_STRINGS = NO;
				SWIFT_VERSION = 5.0;
				TARGETED_DEVICE_FAMILY = "1,2";
				TEST_HOST = "$(BUILT_PRODUCTS_DIR)/Audio.app/Audio";
			};
			name = Release;
		};
		BE3D114E28375ADA00B26B54 /* Debug */ = {
			isa = XCBuildConfiguration;
			buildSettings = {
				ALWAYS_EMBED_SWIFT_STANDARD_LIBRARIES = YES;
				CODE_SIGN_STYLE = Automatic;
				CURRENT_PROJECT_VERSION = 1;
				GENERATE_INFOPLIST_FILE = YES;
				MARKETING_VERSION = 1.0;
				PRODUCT_BUNDLE_IDENTIFIER = kr.ac.induk.AudioUITests;
				PRODUCT_NAME = "$(TARGET_NAME)";
				SWIFT_EMIT_LOC_STRINGS = NO;
				SWIFT_VERSION = 5.0;
				TARGETED_DEVICE_FAMILY = "1,2";
				TEST_TARGET_NAME = Audio;
			};
			name = Debug;
		};
		BE3D114F28375ADA00B26B54 /* Release */ = {
			isa = XCBuildConfiguration;
			buildSettings = {
				ALWAYS_EMBED_SWIFT_STANDARD_LIBRARIES = YES;
				CODE_SIGN_STYLE = Automatic;
				CURRENT_PROJECT_VERSION = 1;
				GENERATE_INFOPLIST_FILE = YES;
				MARKETING_VERSION = 1.0;
				PRODUCT_BUNDLE_IDENTIFIER = kr.ac.induk.AudioUITests;
				PRODUCT_NAME = "$(TARGET_NAME)";
				SWIFT_EMIT_LOC_STRINGS = NO;
				SWIFT_VERSION = 5.0;
				TARGETED_DEVICE_FAMILY = "1,2";
				TEST_TARGET_NAME = Audio;
			};
			name = Release;
		};
/* End XCBuildConfiguration section */

/* Begin XCConfigurationList section */
		BE3D111528375AD800B26B54 /* Build configuration list for PBXProject "Audio" */ = {
			isa = XCConfigurationList;
			buildConfigurations = (
				BE3D114528375ADA00B26B54 /* Debug */,
				BE3D114628375ADA00B26B54 /* Release */,
			);
			defaultConfigurationIsVisible = 0;
			defaultConfigurationName = Release;
		};
		BE3D114728375ADA00B26B54 /* Build configuration list for PBXNativeTarget "Audio" */ = {
			isa = XCConfigurationList;
			buildConfigurations = (
				BE3D114828375ADA00B26B54 /* Debug */,
				BE3D114928375ADA00B26B54 /* Release */,
			);
			defaultConfigurationIsVisible = 0;
			defaultConfigurationName = Release;
		};
		BE3D114A28375ADA00B26B54 /* Build configuration list for PBXNativeTarget "AudioTests" */ = {
			isa = XCConfigurationList;
			buildConfigurations = (
				BE3D114B28375ADA00B26B54 /* Debug */,
				BE3D114C28375ADA00B26B54 /* Release */,
			);
			defaultConfigurationIsVisible = 0;
			defaultConfigurationName = Release;
		};
		BE3D114D28375ADA00B26B54 /* Build configuration list for PBXNativeTarget "AudioUITests" */ = {
			isa = XCConfigurationList;
			buildConfigurations = (
				BE3D114E28375ADA00B26B54 /* Debug */,
				BE3D114F28375ADA00B26B54 /* Release */,
			);
			defaultConfigurationIsVisible = 0;
			defaultConfigurationName = Release;
		};
/* End XCConfigurationList section */

/* Begin XCVersionGroup section */
		BE3D112628375AD800B26B54 /* Audio.xcdatamodeld */ = {
			isa = XCVersionGroup;
			children = (
				BE3D112728375AD800B26B54 /* Audio.xcdatamodel */,
			);
			currentVersion = BE3D112728375AD800B26B54 /* Audio.xcdatamodel */;
			path = Audio.xcdatamodeld;
			sourceTree = "<group>";
			versionGroupType = wrapper.xcdatamodel;
		};
/* End XCVersionGroup section */
	};
	rootObject = BE3D111228375AD800B26B54 /* Project object */;
}
